// !$*UTF8*$!
{
	archiveVersion = 1;
	classes = {
	};
	objectVersion = 56;
	objects = {

/* Begin PBXBuildFile section */
		E20FA2642C6F911F00B7CBC6 /* VerifyOTPViewModel.swift in Sources */ = {isa = PBXBuildFile; fileRef = E20FA2632C6F911F00B7CBC6 /* VerifyOTPViewModel.swift */; };
		E20FA2662C6F913300B7CBC6 /* PhoneNumberVerificationViewModel.swift in Sources */ = {isa = PBXBuildFile; fileRef = E20FA2652C6F913300B7CBC6 /* PhoneNumberVerificationViewModel.swift */; };
		E20FA2682C6F913E00B7CBC6 /* EnterMPINViewModel.swift in Sources */ = {isa = PBXBuildFile; fileRef = E20FA2672C6F913E00B7CBC6 /* EnterMPINViewModel.swift */; };
		E20FA26A2C6F915800B7CBC6 /* InitialScreenViewModel.swift in Sources */ = {isa = PBXBuildFile; fileRef = E20FA2692C6F915800B7CBC6 /* InitialScreenViewModel.swift */; };
		E24B91762C7718F1009091B2 /* CombineMoya in Frameworks */ = {isa = PBXBuildFile; productRef = E24B91752C7718F1009091B2 /* CombineMoya */; };
		E24B91782C7718F1009091B2 /* Moya in Frameworks */ = {isa = PBXBuildFile; productRef = E24B91772C7718F1009091B2 /* Moya */; };
		E24B917A2C7718F1009091B2 /* ReactiveMoya in Frameworks */ = {isa = PBXBuildFile; productRef = E24B91792C7718F1009091B2 /* ReactiveMoya */; };
		E24B917C2C7718F1009091B2 /* RxMoya in Frameworks */ = {isa = PBXBuildFile; productRef = E24B917B2C7718F1009091B2 /* RxMoya */; };
		E24B91842C771929009091B2 /* APIHeader.swift in Sources */ = {isa = PBXBuildFile; fileRef = E24B917D2C771929009091B2 /* APIHeader.swift */; };
		E24B91862C771929009091B2 /* NetworkManagerProviders.swift in Sources */ = {isa = PBXBuildFile; fileRef = E24B917F2C771929009091B2 /* NetworkManagerProviders.swift */; };
		E24B91872C771929009091B2 /* NetworkError.swift in Sources */ = {isa = PBXBuildFile; fileRef = E24B91802C771929009091B2 /* NetworkError.swift */; };
		E24B91892C771929009091B2 /* APIBaseResponse.swift in Sources */ = {isa = PBXBuildFile; fileRef = E24B91822C771929009091B2 /* APIBaseResponse.swift */; };
		E24B918A2C771929009091B2 /* NetworkManager.swift in Sources */ = {isa = PBXBuildFile; fileRef = E24B91832C771929009091B2 /* NetworkManager.swift */; };
		E24B91952C771AE2009091B2 /* AppEnvironment.swift in Sources */ = {isa = PBXBuildFile; fileRef = E24B91932C771AE2009091B2 /* AppEnvironment.swift */; };
		E24B91962C771AE2009091B2 /* PlistKey.swift in Sources */ = {isa = PBXBuildFile; fileRef = E24B91942C771AE2009091B2 /* PlistKey.swift */; };
		E25B4B292C6DF4E5000745F9 /* AppOApp.swift in Sources */ = {isa = PBXBuildFile; fileRef = E25B4B282C6DF4E5000745F9 /* AppOApp.swift */; };
		E25B4B2D2C6DF4E7000745F9 /* Assets.xcassets in Resources */ = {isa = PBXBuildFile; fileRef = E25B4B2C2C6DF4E7000745F9 /* Assets.xcassets */; };
		E25B4B302C6DF4E7000745F9 /* Preview Assets.xcassets in Resources */ = {isa = PBXBuildFile; fileRef = E25B4B2F2C6DF4E7000745F9 /* Preview Assets.xcassets */; };
		E25B4B402C6DFAFB000745F9 /* InitialView.swift in Sources */ = {isa = PBXBuildFile; fileRef = E25B4B3F2C6DFAFB000745F9 /* InitialView.swift */; };
		E25B4B422C6E171E000745F9 /* BottomNavigation.swift in Sources */ = {isa = PBXBuildFile; fileRef = E25B4B412C6E171E000745F9 /* BottomNavigation.swift */; };
		E25B4B442C6E17E9000745F9 /* NavigationItems.swift in Sources */ = {isa = PBXBuildFile; fileRef = E25B4B432C6E17E9000745F9 /* NavigationItems.swift */; };
		E25B4B492C6E1E0D000745F9 /* TermAndConditionView.swift in Sources */ = {isa = PBXBuildFile; fileRef = E25B4B482C6E1E0D000745F9 /* TermAndConditionView.swift */; };
		E25B4B4C2C6E254D000745F9 /* NavigationBarView.swift in Sources */ = {isa = PBXBuildFile; fileRef = E25B4B4B2C6E254D000745F9 /* NavigationBarView.swift */; };
		E291413D2C7339DF00D054A1 /* RegistrationView.swift in Sources */ = {isa = PBXBuildFile; fileRef = E291413C2C7339DF00D054A1 /* RegistrationView.swift */; };
		E29141402C7339EF00D054A1 /* RegistrationViewModel.swift in Sources */ = {isa = PBXBuildFile; fileRef = E291413F2C7339EF00D054A1 /* RegistrationViewModel.swift */; };
		E29141452C736C0D00D054A1 /* SetupMobilePinView.swift in Sources */ = {isa = PBXBuildFile; fileRef = E29141442C736C0D00D054A1 /* SetupMobilePinView.swift */; };
		E29141492C736C2700D054A1 /* SetupMobilePinViewModel.swift in Sources */ = {isa = PBXBuildFile; fileRef = E29141482C736C2600D054A1 /* SetupMobilePinViewModel.swift */; };
		E291414B2C736D7700D054A1 /* TimeManager.swift in Sources */ = {isa = PBXBuildFile; fileRef = E291414A2C736D7700D054A1 /* TimeManager.swift */; };
		E291414D2C736DB100D054A1 /* OTPInputView.swift in Sources */ = {isa = PBXBuildFile; fileRef = E291414C2C736DB100D054A1 /* OTPInputView.swift */; };
		E2BD5DDF2C76239B006FB4B7 /* Environment.swift in Sources */ = {isa = PBXBuildFile; fileRef = E2BD5DDE2C76239B006FB4B7 /* Environment.swift */; };
		E2C3D46A2C6F80380017E47C /* VerifyOTPView.swift in Sources */ = {isa = PBXBuildFile; fileRef = E2C3D4692C6F80380017E47C /* VerifyOTPView.swift */; };
		E2C9CB092C785C7300B47B38 /* EnterMPinInteractor.swift in Sources */ = {isa = PBXBuildFile; fileRef = E2C9CB082C785C7300B47B38 /* EnterMPinInteractor.swift */; };
		E2C9CB0B2C785C8400B47B38 /* PhoneNumberVerificationInteractor.swift in Sources */ = {isa = PBXBuildFile; fileRef = E2C9CB0A2C785C8400B47B38 /* PhoneNumberVerificationInteractor.swift */; };
		E2C9CB0D2C785C8F00B47B38 /* VerifyOTPInteractor.swift in Sources */ = {isa = PBXBuildFile; fileRef = E2C9CB0C2C785C8F00B47B38 /* VerifyOTPInteractor.swift */; };
		E2C9CB0F2C785C9A00B47B38 /* RegistrationInteractor.swift in Sources */ = {isa = PBXBuildFile; fileRef = E2C9CB0E2C785C9A00B47B38 /* RegistrationInteractor.swift */; };
		E2C9CB112C785CAF00B47B38 /* SetupMobilePinInteractor.swift in Sources */ = {isa = PBXBuildFile; fileRef = E2C9CB102C785CAF00B47B38 /* SetupMobilePinInteractor.swift */; };
		E2C9CB132C78603B00B47B38 /* RegistrationModel.swift in Sources */ = {isa = PBXBuildFile; fileRef = E2C9CB122C78603B00B47B38 /* RegistrationModel.swift */; };
		E2C9CB172C7860E100B47B38 /* RegistrationResponse.swift in Sources */ = {isa = PBXBuildFile; fileRef = E2C9CB162C7860E100B47B38 /* RegistrationResponse.swift */; };
		E2C9CB192C78616B00B47B38 /* RegistrationAPIs.swift in Sources */ = {isa = PBXBuildFile; fileRef = E2C9CB182C78616B00B47B38 /* RegistrationAPIs.swift */; };
		E2C9CB1B2C7863A200B47B38 /* Codable+Extension.swift in Sources */ = {isa = PBXBuildFile; fileRef = E2C9CB1A2C7863A200B47B38 /* Codable+Extension.swift */; };
		E2C9CB1D2C7863ED00B47B38 /* Scheduler.swift in Sources */ = {isa = PBXBuildFile; fileRef = E2C9CB1C2C7863ED00B47B38 /* Scheduler.swift */; };
		E2D140242C6E49D70064EE6E /* AppLogoView.swift in Sources */ = {isa = PBXBuildFile; fileRef = E2D140232C6E49D70064EE6E /* AppLogoView.swift */; };
		E2D1402A2C6E4A390064EE6E /* EnterMPINView.swift in Sources */ = {isa = PBXBuildFile; fileRef = E2D140292C6E4A390064EE6E /* EnterMPINView.swift */; };
		E2D1402F2C6F1D1F0064EE6E /* PhoneNumberVerificationView.swift in Sources */ = {isa = PBXBuildFile; fileRef = E2D1402E2C6F1D1F0064EE6E /* PhoneNumberVerificationView.swift */; };
		E2D140312C6F5BCB0064EE6E /* PhoneNumberModel.swift in Sources */ = {isa = PBXBuildFile; fileRef = E2D140302C6F5BCB0064EE6E /* PhoneNumberModel.swift */; };
		E2D140332C6F5C060064EE6E /* CountryNumbers.json in Resources */ = {isa = PBXBuildFile; fileRef = E2D140322C6F5C060064EE6E /* CountryNumbers.json */; };
		E2D140352C6F5C2D0064EE6E /* Decoder+Extension.swift in Sources */ = {isa = PBXBuildFile; fileRef = E2D140342C6F5C2D0064EE6E /* Decoder+Extension.swift */; };
		E2D140372C6F5D1F0064EE6E /* View+Extension.swift in Sources */ = {isa = PBXBuildFile; fileRef = E2D140362C6F5D1F0064EE6E /* View+Extension.swift */; };
/* End PBXBuildFile section */

/* Begin PBXFileReference section */
		E20FA2632C6F911F00B7CBC6 /* VerifyOTPViewModel.swift */ = {isa = PBXFileReference; lastKnownFileType = sourcecode.swift; path = VerifyOTPViewModel.swift; sourceTree = "<group>"; };
		E20FA2652C6F913300B7CBC6 /* PhoneNumberVerificationViewModel.swift */ = {isa = PBXFileReference; lastKnownFileType = sourcecode.swift; path = PhoneNumberVerificationViewModel.swift; sourceTree = "<group>"; };
		E20FA2672C6F913E00B7CBC6 /* EnterMPINViewModel.swift */ = {isa = PBXFileReference; lastKnownFileType = sourcecode.swift; path = EnterMPINViewModel.swift; sourceTree = "<group>"; };
		E20FA2692C6F915800B7CBC6 /* InitialScreenViewModel.swift */ = {isa = PBXFileReference; lastKnownFileType = sourcecode.swift; path = InitialScreenViewModel.swift; sourceTree = "<group>"; };
		E24B917D2C771929009091B2 /* APIHeader.swift */ = {isa = PBXFileReference; fileEncoding = 4; lastKnownFileType = sourcecode.swift; path = APIHeader.swift; sourceTree = "<group>"; };
		E24B917F2C771929009091B2 /* NetworkManagerProviders.swift */ = {isa = PBXFileReference; fileEncoding = 4; lastKnownFileType = sourcecode.swift; path = NetworkManagerProviders.swift; sourceTree = "<group>"; };
		E24B91802C771929009091B2 /* NetworkError.swift */ = {isa = PBXFileReference; fileEncoding = 4; lastKnownFileType = sourcecode.swift; path = NetworkError.swift; sourceTree = "<group>"; };
		E24B91822C771929009091B2 /* APIBaseResponse.swift */ = {isa = PBXFileReference; fileEncoding = 4; lastKnownFileType = sourcecode.swift; path = APIBaseResponse.swift; sourceTree = "<group>"; };
		E24B91832C771929009091B2 /* NetworkManager.swift */ = {isa = PBXFileReference; fileEncoding = 4; lastKnownFileType = sourcecode.swift; path = NetworkManager.swift; sourceTree = "<group>"; };
		E24B91932C771AE2009091B2 /* AppEnvironment.swift */ = {isa = PBXFileReference; fileEncoding = 4; lastKnownFileType = sourcecode.swift; path = AppEnvironment.swift; sourceTree = "<group>"; };
		E24B91942C771AE2009091B2 /* PlistKey.swift */ = {isa = PBXFileReference; fileEncoding = 4; lastKnownFileType = sourcecode.swift; path = PlistKey.swift; sourceTree = "<group>"; };
		E25B4B252C6DF4E5000745F9 /* AppO.app */ = {isa = PBXFileReference; explicitFileType = wrapper.application; includeInIndex = 0; path = AppO.app; sourceTree = BUILT_PRODUCTS_DIR; };
		E25B4B282C6DF4E5000745F9 /* AppOApp.swift */ = {isa = PBXFileReference; lastKnownFileType = sourcecode.swift; path = AppOApp.swift; sourceTree = "<group>"; };
		E25B4B2C2C6DF4E7000745F9 /* Assets.xcassets */ = {isa = PBXFileReference; lastKnownFileType = folder.assetcatalog; path = Assets.xcassets; sourceTree = "<group>"; };
		E25B4B2F2C6DF4E7000745F9 /* Preview Assets.xcassets */ = {isa = PBXFileReference; lastKnownFileType = folder.assetcatalog; path = "Preview Assets.xcassets"; sourceTree = "<group>"; };
		E25B4B3F2C6DFAFB000745F9 /* InitialView.swift */ = {isa = PBXFileReference; lastKnownFileType = sourcecode.swift; path = InitialView.swift; sourceTree = "<group>"; };
		E25B4B412C6E171E000745F9 /* BottomNavigation.swift */ = {isa = PBXFileReference; lastKnownFileType = sourcecode.swift; path = BottomNavigation.swift; sourceTree = "<group>"; };
		E25B4B432C6E17E9000745F9 /* NavigationItems.swift */ = {isa = PBXFileReference; lastKnownFileType = sourcecode.swift; path = NavigationItems.swift; sourceTree = "<group>"; };
		E25B4B482C6E1E0D000745F9 /* TermAndConditionView.swift */ = {isa = PBXFileReference; lastKnownFileType = sourcecode.swift; path = TermAndConditionView.swift; sourceTree = "<group>"; };
		E25B4B4B2C6E254D000745F9 /* NavigationBarView.swift */ = {isa = PBXFileReference; lastKnownFileType = sourcecode.swift; path = NavigationBarView.swift; sourceTree = "<group>"; };
		E291413C2C7339DF00D054A1 /* RegistrationView.swift */ = {isa = PBXFileReference; lastKnownFileType = sourcecode.swift; path = RegistrationView.swift; sourceTree = "<group>"; };
		E291413F2C7339EF00D054A1 /* RegistrationViewModel.swift */ = {isa = PBXFileReference; lastKnownFileType = sourcecode.swift; path = RegistrationViewModel.swift; sourceTree = "<group>"; };
		E29141442C736C0D00D054A1 /* SetupMobilePinView.swift */ = {isa = PBXFileReference; lastKnownFileType = sourcecode.swift; path = SetupMobilePinView.swift; sourceTree = "<group>"; };
		E29141482C736C2600D054A1 /* SetupMobilePinViewModel.swift */ = {isa = PBXFileReference; lastKnownFileType = sourcecode.swift; path = SetupMobilePinViewModel.swift; sourceTree = "<group>"; };
		E291414A2C736D7700D054A1 /* TimeManager.swift */ = {isa = PBXFileReference; lastKnownFileType = sourcecode.swift; path = TimeManager.swift; sourceTree = "<group>"; };
		E291414C2C736DB100D054A1 /* OTPInputView.swift */ = {isa = PBXFileReference; lastKnownFileType = sourcecode.swift; path = OTPInputView.swift; sourceTree = "<group>"; };
		E2BD5DDE2C76239B006FB4B7 /* Environment.swift */ = {isa = PBXFileReference; lastKnownFileType = sourcecode.swift; name = Environment.swift; path = AppO/Utils/Environment.swift; sourceTree = SOURCE_ROOT; };
		E2C3D4692C6F80380017E47C /* VerifyOTPView.swift */ = {isa = PBXFileReference; lastKnownFileType = sourcecode.swift; path = VerifyOTPView.swift; sourceTree = "<group>"; };
		E2C9CB082C785C7300B47B38 /* EnterMPinInteractor.swift */ = {isa = PBXFileReference; lastKnownFileType = sourcecode.swift; path = EnterMPinInteractor.swift; sourceTree = "<group>"; };
		E2C9CB0A2C785C8400B47B38 /* PhoneNumberVerificationInteractor.swift */ = {isa = PBXFileReference; lastKnownFileType = sourcecode.swift; path = PhoneNumberVerificationInteractor.swift; sourceTree = "<group>"; };
		E2C9CB0C2C785C8F00B47B38 /* VerifyOTPInteractor.swift */ = {isa = PBXFileReference; lastKnownFileType = sourcecode.swift; path = VerifyOTPInteractor.swift; sourceTree = "<group>"; };
		E2C9CB0E2C785C9A00B47B38 /* RegistrationInteractor.swift */ = {isa = PBXFileReference; lastKnownFileType = sourcecode.swift; path = RegistrationInteractor.swift; sourceTree = "<group>"; };
		E2C9CB102C785CAF00B47B38 /* SetupMobilePinInteractor.swift */ = {isa = PBXFileReference; lastKnownFileType = sourcecode.swift; path = SetupMobilePinInteractor.swift; sourceTree = "<group>"; };
		E2C9CB122C78603B00B47B38 /* RegistrationModel.swift */ = {isa = PBXFileReference; lastKnownFileType = sourcecode.swift; path = RegistrationModel.swift; sourceTree = "<group>"; };
		E2C9CB162C7860E100B47B38 /* RegistrationResponse.swift */ = {isa = PBXFileReference; lastKnownFileType = sourcecode.swift; path = RegistrationResponse.swift; sourceTree = "<group>"; };
		E2C9CB182C78616B00B47B38 /* RegistrationAPIs.swift */ = {isa = PBXFileReference; lastKnownFileType = sourcecode.swift; path = RegistrationAPIs.swift; sourceTree = "<group>"; };
		E2C9CB1A2C7863A200B47B38 /* Codable+Extension.swift */ = {isa = PBXFileReference; fileEncoding = 4; lastKnownFileType = sourcecode.swift; path = "Codable+Extension.swift"; sourceTree = "<group>"; };
		E2C9CB1C2C7863ED00B47B38 /* Scheduler.swift */ = {isa = PBXFileReference; fileEncoding = 4; lastKnownFileType = sourcecode.swift; path = Scheduler.swift; sourceTree = "<group>"; };
		E2D140232C6E49D70064EE6E /* AppLogoView.swift */ = {isa = PBXFileReference; lastKnownFileType = sourcecode.swift; path = AppLogoView.swift; sourceTree = "<group>"; };
		E2D140292C6E4A390064EE6E /* EnterMPINView.swift */ = {isa = PBXFileReference; lastKnownFileType = sourcecode.swift; path = EnterMPINView.swift; sourceTree = "<group>"; };
		E2D1402E2C6F1D1F0064EE6E /* PhoneNumberVerificationView.swift */ = {isa = PBXFileReference; lastKnownFileType = sourcecode.swift; path = PhoneNumberVerificationView.swift; sourceTree = "<group>"; };
		E2D140302C6F5BCB0064EE6E /* PhoneNumberModel.swift */ = {isa = PBXFileReference; lastKnownFileType = sourcecode.swift; path = PhoneNumberModel.swift; sourceTree = "<group>"; };
		E2D140322C6F5C060064EE6E /* CountryNumbers.json */ = {isa = PBXFileReference; lastKnownFileType = text.json; path = CountryNumbers.json; sourceTree = "<group>"; };
		E2D140342C6F5C2D0064EE6E /* Decoder+Extension.swift */ = {isa = PBXFileReference; lastKnownFileType = sourcecode.swift; path = "Decoder+Extension.swift"; sourceTree = "<group>"; };
		E2D140362C6F5D1F0064EE6E /* View+Extension.swift */ = {isa = PBXFileReference; lastKnownFileType = sourcecode.swift; path = "View+Extension.swift"; sourceTree = "<group>"; };
		E2EAB8602C786C6400EACFD7 /* Info.plist */ = {isa = PBXFileReference; lastKnownFileType = text.plist; path = Info.plist; sourceTree = "<group>"; };
/* End PBXFileReference section */

/* Begin PBXFrameworksBuildPhase section */
		E25B4B222C6DF4E5000745F9 /* Frameworks */ = {
			isa = PBXFrameworksBuildPhase;
			buildActionMask = 2147483647;
			files = (
				E24B91782C7718F1009091B2 /* Moya in Frameworks */,
				E24B91762C7718F1009091B2 /* CombineMoya in Frameworks */,
				E24B917C2C7718F1009091B2 /* RxMoya in Frameworks */,
				E24B917A2C7718F1009091B2 /* ReactiveMoya in Frameworks */,
			);
			runOnlyForDeploymentPostprocessing = 0;
		};
/* End PBXFrameworksBuildPhase section */

/* Begin PBXGroup section */
		E24B91712C77081D009091B2 /* Module */ = {
			isa = PBXGroup;
			children = (
				E25B4B3B2C6DFABC000745F9 /* Startup */,
			);
			path = Module;
			sourceTree = "<group>";
		};
		E24B91722C77082D009091B2 /* Components */ = {
			isa = PBXGroup;
			children = (
				E24B91732C770844009091B2 /* Common Views */,
			);
			path = Components;
			sourceTree = "<group>";
		};
		E24B91732C770844009091B2 /* Common Views */ = {
			isa = PBXGroup;
			children = (
				E2D140232C6E49D70064EE6E /* AppLogoView.swift */,
				E25B4B412C6E171E000745F9 /* BottomNavigation.swift */,
				E25B4B4B2C6E254D000745F9 /* NavigationBarView.swift */,
				E291414C2C736DB100D054A1 /* OTPInputView.swift */,
			);
			path = "Common Views";
			sourceTree = "<group>";
		};
		E24B918B2C771944009091B2 /* Interactor */ = {
			isa = PBXGroup;
			children = (
				E2C9CB082C785C7300B47B38 /* EnterMPinInteractor.swift */,
				E2C9CB0A2C785C8400B47B38 /* PhoneNumberVerificationInteractor.swift */,
				E2C9CB0C2C785C8F00B47B38 /* VerifyOTPInteractor.swift */,
				E2C9CB0E2C785C9A00B47B38 /* RegistrationInteractor.swift */,
				E2C9CB102C785CAF00B47B38 /* SetupMobilePinInteractor.swift */,
			);
			path = Interactor;
			sourceTree = "<group>";
		};
		E24B918C2C771958009091B2 /* APIs */ = {
			isa = PBXGroup;
			children = (
				E2C9CB182C78616B00B47B38 /* RegistrationAPIs.swift */,
			);
			path = APIs;
			sourceTree = "<group>";
		};
		E24B91922C771ACD009091B2 /* App Environment */ = {
			isa = PBXGroup;
			children = (
				E24B91932C771AE2009091B2 /* AppEnvironment.swift */,
				E24B91942C771AE2009091B2 /* PlistKey.swift */,
			);
			path = "App Environment";
			sourceTree = "<group>";
		};
		E25B4B1C2C6DF4E5000745F9 = {
			isa = PBXGroup;
			children = (
				E25B4B272C6DF4E5000745F9 /* AppO */,
				E25B4B262C6DF4E5000745F9 /* Products */,
			);
			sourceTree = "<group>";
		};
		E25B4B262C6DF4E5000745F9 /* Products */ = {
			isa = PBXGroup;
			children = (
				E25B4B252C6DF4E5000745F9 /* AppO.app */,
			);
			name = Products;
			sourceTree = "<group>";
		};
		E25B4B272C6DF4E5000745F9 /* AppO */ = {
			isa = PBXGroup;
			children = (
				E2EAB8602C786C6400EACFD7 /* Info.plist */,
				E24B91722C77082D009091B2 /* Components */,
				E24B91712C77081D009091B2 /* Module */,
				E2BD5DE02C762412006FB4B7 /* Utils */,
				E25B4B392C6DFA61000745F9 /* Extensions */,
				E25B4B382C6DFA5B000745F9 /* Model */,
				E25B4B372C6DFA51000745F9 /* Services */,
				E25B4B282C6DF4E5000745F9 /* AppOApp.swift */,
				E25B4B2C2C6DF4E7000745F9 /* Assets.xcassets */,
				E25B4B2E2C6DF4E7000745F9 /* Preview Content */,
				E2D140322C6F5C060064EE6E /* CountryNumbers.json */,
			);
			path = AppO;
			sourceTree = "<group>";
		};
		E25B4B2E2C6DF4E7000745F9 /* Preview Content */ = {
			isa = PBXGroup;
			children = (
				E25B4B2F2C6DF4E7000745F9 /* Preview Assets.xcassets */,
			);
			path = "Preview Content";
			sourceTree = "<group>";
		};
		E25B4B372C6DFA51000745F9 /* Services */ = {
			isa = PBXGroup;
			children = (
				E2C9CB1C2C7863ED00B47B38 /* Scheduler.swift */,
				E24B91922C771ACD009091B2 /* App Environment */,
				E24B918C2C771958009091B2 /* APIs */,
				E24B918B2C771944009091B2 /* Interactor */,
				E24B91822C771929009091B2 /* APIBaseResponse.swift */,
				E24B917D2C771929009091B2 /* APIHeader.swift */,
				E24B91802C771929009091B2 /* NetworkError.swift */,
				E24B91832C771929009091B2 /* NetworkManager.swift */,
				E24B917F2C771929009091B2 /* NetworkManagerProviders.swift */,
				E291414A2C736D7700D054A1 /* TimeManager.swift */,
			);
			path = Services;
			sourceTree = "<group>";
		};
		E25B4B382C6DFA5B000745F9 /* Model */ = {
			isa = PBXGroup;
			children = (
				E2C9CB152C7860D700B47B38 /* Response */,
				E2C9CB142C7860D200B47B38 /* Request */,
				E25B4B432C6E17E9000745F9 /* NavigationItems.swift */,
				E2D140302C6F5BCB0064EE6E /* PhoneNumberModel.swift */,
			);
			path = Model;
			sourceTree = "<group>";
		};
		E25B4B392C6DFA61000745F9 /* Extensions */ = {
			isa = PBXGroup;
			children = (
				E2D140342C6F5C2D0064EE6E /* Decoder+Extension.swift */,
				E2D140362C6F5D1F0064EE6E /* View+Extension.swift */,
				E2C9CB1A2C7863A200B47B38 /* Codable+Extension.swift */,
			);
			path = Extensions;
			sourceTree = "<group>";
		};
		E25B4B3B2C6DFABC000745F9 /* Startup */ = {
			isa = PBXGroup;
			children = (
				E29141412C736BF500D054A1 /* Setup Mobile Pin */,
				E29141392C7339C600D054A1 /* Registration */,
				E2C3D4662C6F80220017E47C /* VerifyOTP */,
				E2D1402B2C6F1CF60064EE6E /* Phone Number  Verification */,
				E2D140252C6E4A140064EE6E /* Enter MPIN */,
				E25B4B452C6E1DDC000745F9 /* TermsAndConditions */,
				E25B4B3C2C6DFACA000745F9 /* InitialScreen */,
			);
			path = Startup;
			sourceTree = "<group>";
		};
		E25B4B3C2C6DFACA000745F9 /* InitialScreen */ = {
			isa = PBXGroup;
			children = (
				E25B4B3E2C6DFAE1000745F9 /* ViewModel */,
				E25B4B3D2C6DFADD000745F9 /* View */,
			);
			path = InitialScreen;
			sourceTree = "<group>";
		};
		E25B4B3D2C6DFADD000745F9 /* View */ = {
			isa = PBXGroup;
			children = (
				E25B4B3F2C6DFAFB000745F9 /* InitialView.swift */,
			);
			path = View;
			sourceTree = "<group>";
		};
		E25B4B3E2C6DFAE1000745F9 /* ViewModel */ = {
			isa = PBXGroup;
			children = (
				E20FA2692C6F915800B7CBC6 /* InitialScreenViewModel.swift */,
			);
			path = ViewModel;
			sourceTree = "<group>";
		};
		E25B4B452C6E1DDC000745F9 /* TermsAndConditions */ = {
			isa = PBXGroup;
			children = (
				E25B4B472C6E1DF2000745F9 /* ViewModel */,
				E25B4B462C6E1DED000745F9 /* View */,
			);
			path = TermsAndConditions;
			sourceTree = "<group>";
		};
		E25B4B462C6E1DED000745F9 /* View */ = {
			isa = PBXGroup;
			children = (
				E25B4B482C6E1E0D000745F9 /* TermAndConditionView.swift */,
			);
			path = View;
			sourceTree = "<group>";
		};
		E25B4B472C6E1DF2000745F9 /* ViewModel */ = {
			isa = PBXGroup;
			children = (
			);
			path = ViewModel;
			sourceTree = "<group>";
		};
		E29141392C7339C600D054A1 /* Registration */ = {
			isa = PBXGroup;
			children = (
				E291413B2C7339D300D054A1 /* View */,
				E291413A2C7339CE00D054A1 /* ViewModel */,
			);
			path = Registration;
			sourceTree = "<group>";
		};
		E291413A2C7339CE00D054A1 /* ViewModel */ = {
			isa = PBXGroup;
			children = (
				E291413F2C7339EF00D054A1 /* RegistrationViewModel.swift */,
			);
			path = ViewModel;
			sourceTree = "<group>";
		};
		E291413B2C7339D300D054A1 /* View */ = {
			isa = PBXGroup;
			children = (
				E291413C2C7339DF00D054A1 /* RegistrationView.swift */,
			);
			path = View;
			sourceTree = "<group>";
		};
		E29141412C736BF500D054A1 /* Setup Mobile Pin */ = {
			isa = PBXGroup;
			children = (
				E29141432C736C0000D054A1 /* ViewModel */,
				E29141422C736BFC00D054A1 /* View */,
			);
			path = "Setup Mobile Pin";
			sourceTree = "<group>";
		};
		E29141422C736BFC00D054A1 /* View */ = {
			isa = PBXGroup;
			children = (
				E29141442C736C0D00D054A1 /* SetupMobilePinView.swift */,
			);
			path = View;
			sourceTree = "<group>";
		};
		E29141432C736C0000D054A1 /* ViewModel */ = {
			isa = PBXGroup;
			children = (
				E29141482C736C2600D054A1 /* SetupMobilePinViewModel.swift */,
			);
			path = ViewModel;
			sourceTree = "<group>";
		};
		E2BD5DE02C762412006FB4B7 /* Utils */ = {
			isa = PBXGroup;
			children = (
				E2BD5DDE2C76239B006FB4B7 /* Environment.swift */,
			);
			path = Utils;
			sourceTree = "<group>";
		};
		E2C3D4662C6F80220017E47C /* VerifyOTP */ = {
			isa = PBXGroup;
			children = (
				E2C3D4682C6F802C0017E47C /* ViewModel */,
				E2C3D4672C6F80290017E47C /* View */,
			);
			path = VerifyOTP;
			sourceTree = "<group>";
		};
		E2C3D4672C6F80290017E47C /* View */ = {
			isa = PBXGroup;
			children = (
				E2C3D4692C6F80380017E47C /* VerifyOTPView.swift */,
			);
			path = View;
			sourceTree = "<group>";
		};
		E2C3D4682C6F802C0017E47C /* ViewModel */ = {
			isa = PBXGroup;
			children = (
				E20FA2632C6F911F00B7CBC6 /* VerifyOTPViewModel.swift */,
			);
			path = ViewModel;
			sourceTree = "<group>";
		};
		E2C9CB142C7860D200B47B38 /* Request */ = {
			isa = PBXGroup;
			children = (
				E2C9CB122C78603B00B47B38 /* RegistrationModel.swift */,
			);
			path = Request;
			sourceTree = "<group>";
		};
		E2C9CB152C7860D700B47B38 /* Response */ = {
			isa = PBXGroup;
			children = (
				E2C9CB162C7860E100B47B38 /* RegistrationResponse.swift */,
			);
			path = Response;
			sourceTree = "<group>";
		};
		E2D140252C6E4A140064EE6E /* Enter MPIN */ = {
			isa = PBXGroup;
			children = (
				E2D140282C6E4A2D0064EE6E /* ViewModel */,
				E2D140262C6E4A200064EE6E /* View */,
			);
			path = "Enter MPIN";
			sourceTree = "<group>";
		};
		E2D140262C6E4A200064EE6E /* View */ = {
			isa = PBXGroup;
			children = (
				E2D140292C6E4A390064EE6E /* EnterMPINView.swift */,
			);
			path = View;
			sourceTree = "<group>";
		};
		E2D140282C6E4A2D0064EE6E /* ViewModel */ = {
			isa = PBXGroup;
			children = (
				E20FA2672C6F913E00B7CBC6 /* EnterMPINViewModel.swift */,
			);
			path = ViewModel;
			sourceTree = "<group>";
		};
		E2D1402B2C6F1CF60064EE6E /* Phone Number  Verification */ = {
			isa = PBXGroup;
			children = (
				E2D1402D2C6F1D0B0064EE6E /* ViewModel */,
				E2D1402C2C6F1D070064EE6E /* View */,
			);
			path = "Phone Number  Verification";
			sourceTree = "<group>";
		};
		E2D1402C2C6F1D070064EE6E /* View */ = {
			isa = PBXGroup;
			children = (
				E2D1402E2C6F1D1F0064EE6E /* PhoneNumberVerificationView.swift */,
			);
			path = View;
			sourceTree = "<group>";
		};
		E2D1402D2C6F1D0B0064EE6E /* ViewModel */ = {
			isa = PBXGroup;
			children = (
				E20FA2652C6F913300B7CBC6 /* PhoneNumberVerificationViewModel.swift */,
			);
			path = ViewModel;
			sourceTree = "<group>";
		};
/* End PBXGroup section */

/* Begin PBXNativeTarget section */
		E25B4B242C6DF4E5000745F9 /* AppO */ = {
			isa = PBXNativeTarget;
			buildConfigurationList = E25B4B332C6DF4E7000745F9 /* Build configuration list for PBXNativeTarget "AppO" */;
			buildPhases = (
				E25B4B212C6DF4E5000745F9 /* Sources */,
				E25B4B222C6DF4E5000745F9 /* Frameworks */,
				E25B4B232C6DF4E5000745F9 /* Resources */,
			);
			buildRules = (
			);
			dependencies = (
			);
			name = AppO;
			packageProductDependencies = (
				E24B91752C7718F1009091B2 /* CombineMoya */,
				E24B91772C7718F1009091B2 /* Moya */,
				E24B91792C7718F1009091B2 /* ReactiveMoya */,
				E24B917B2C7718F1009091B2 /* RxMoya */,
			);
			productName = AppO;
			productReference = E25B4B252C6DF4E5000745F9 /* AppO.app */;
			productType = "com.apple.product-type.application";
		};
/* End PBXNativeTarget section */

/* Begin PBXProject section */
		E25B4B1D2C6DF4E5000745F9 /* Project object */ = {
			isa = PBXProject;
			attributes = {
				BuildIndependentTargetsInParallel = 1;
				LastSwiftUpdateCheck = 1520;
				LastUpgradeCheck = 1520;
				TargetAttributes = {
					E25B4B242C6DF4E5000745F9 = {
						CreatedOnToolsVersion = 15.2;
					};
				};
			};
			buildConfigurationList = E25B4B202C6DF4E5000745F9 /* Build configuration list for PBXProject "AppO" */;
			compatibilityVersion = "Xcode 14.0";
			developmentRegion = en;
			hasScannedForEncodings = 0;
			knownRegions = (
				en,
				Base,
			);
			mainGroup = E25B4B1C2C6DF4E5000745F9;
			packageReferences = (
				E24B91742C7718F1009091B2 /* XCRemoteSwiftPackageReference "Moya" */,
			);
			productRefGroup = E25B4B262C6DF4E5000745F9 /* Products */;
			projectDirPath = "";
			projectRoot = "";
			targets = (
				E25B4B242C6DF4E5000745F9 /* AppO */,
			);
		};
/* End PBXProject section */

/* Begin PBXResourcesBuildPhase section */
		E25B4B232C6DF4E5000745F9 /* Resources */ = {
			isa = PBXResourcesBuildPhase;
			buildActionMask = 2147483647;
			files = (
				E2D140332C6F5C060064EE6E /* CountryNumbers.json in Resources */,
				E25B4B302C6DF4E7000745F9 /* Preview Assets.xcassets in Resources */,
				E25B4B2D2C6DF4E7000745F9 /* Assets.xcassets in Resources */,
			);
			runOnlyForDeploymentPostprocessing = 0;
		};
/* End PBXResourcesBuildPhase section */

/* Begin PBXSourcesBuildPhase section */
		E25B4B212C6DF4E5000745F9 /* Sources */ = {
			isa = PBXSourcesBuildPhase;
			buildActionMask = 2147483647;
			files = (
				E24B91862C771929009091B2 /* NetworkManagerProviders.swift in Sources */,
				E2C9CB092C785C7300B47B38 /* EnterMPinInteractor.swift in Sources */,
				E24B91872C771929009091B2 /* NetworkError.swift in Sources */,
				E2D140352C6F5C2D0064EE6E /* Decoder+Extension.swift in Sources */,
				E2C9CB132C78603B00B47B38 /* RegistrationModel.swift in Sources */,
				E2BD5DDF2C76239B006FB4B7 /* Environment.swift in Sources */,
				E20FA2682C6F913E00B7CBC6 /* EnterMPINViewModel.swift in Sources */,
				E24B91952C771AE2009091B2 /* AppEnvironment.swift in Sources */,
				E2D140242C6E49D70064EE6E /* AppLogoView.swift in Sources */,
				E2C9CB112C785CAF00B47B38 /* SetupMobilePinInteractor.swift in Sources */,
				E29141402C7339EF00D054A1 /* RegistrationViewModel.swift in Sources */,
				E2C9CB0B2C785C8400B47B38 /* PhoneNumberVerificationInteractor.swift in Sources */,
				E24B91842C771929009091B2 /* APIHeader.swift in Sources */,
				E2C9CB172C7860E100B47B38 /* RegistrationResponse.swift in Sources */,
				E2C9CB0F2C785C9A00B47B38 /* RegistrationInteractor.swift in Sources */,
				E291413D2C7339DF00D054A1 /* RegistrationView.swift in Sources */,
				E25B4B492C6E1E0D000745F9 /* TermAndConditionView.swift in Sources */,
				E24B91962C771AE2009091B2 /* PlistKey.swift in Sources */,
				E29141452C736C0D00D054A1 /* SetupMobilePinView.swift in Sources */,
				E25B4B402C6DFAFB000745F9 /* InitialView.swift in Sources */,
				E2D140312C6F5BCB0064EE6E /* PhoneNumberModel.swift in Sources */,
				E2C9CB192C78616B00B47B38 /* RegistrationAPIs.swift in Sources */,
				E2D1402A2C6E4A390064EE6E /* EnterMPINView.swift in Sources */,
				E20FA2662C6F913300B7CBC6 /* PhoneNumberVerificationViewModel.swift in Sources */,
				E2D1402F2C6F1D1F0064EE6E /* PhoneNumberVerificationView.swift in Sources */,
				E24B918A2C771929009091B2 /* NetworkManager.swift in Sources */,
				E2C9CB0D2C785C8F00B47B38 /* VerifyOTPInteractor.swift in Sources */,
				E25B4B4C2C6E254D000745F9 /* NavigationBarView.swift in Sources */,
				E2C9CB1B2C7863A200B47B38 /* Codable+Extension.swift in Sources */,
				E20FA26A2C6F915800B7CBC6 /* InitialScreenViewModel.swift in Sources */,
				E25B4B292C6DF4E5000745F9 /* AppOApp.swift in Sources */,
				E25B4B442C6E17E9000745F9 /* NavigationItems.swift in Sources */,
				E291414B2C736D7700D054A1 /* TimeManager.swift in Sources */,
				E2C3D46A2C6F80380017E47C /* VerifyOTPView.swift in Sources */,
				E2D140372C6F5D1F0064EE6E /* View+Extension.swift in Sources */,
				E291414D2C736DB100D054A1 /* OTPInputView.swift in Sources */,
				E25B4B422C6E171E000745F9 /* BottomNavigation.swift in Sources */,
				E29141492C736C2700D054A1 /* SetupMobilePinViewModel.swift in Sources */,
				E2C9CB1D2C7863ED00B47B38 /* Scheduler.swift in Sources */,
				E24B91892C771929009091B2 /* APIBaseResponse.swift in Sources */,
				E20FA2642C6F911F00B7CBC6 /* VerifyOTPViewModel.swift in Sources */,
			);
			runOnlyForDeploymentPostprocessing = 0;
		};
/* End PBXSourcesBuildPhase section */

/* Begin XCBuildConfiguration section */
		E25B4B312C6DF4E7000745F9 /* Debug */ = {
			isa = XCBuildConfiguration;
			buildSettings = {
				ALWAYS_SEARCH_USER_PATHS = NO;
				ASSETCATALOG_COMPILER_GENERATE_SWIFT_ASSET_SYMBOL_EXTENSIONS = YES;
				CLANG_ANALYZER_NONNULL = YES;
				CLANG_ANALYZER_NUMBER_OBJECT_CONVERSION = YES_AGGRESSIVE;
				CLANG_CXX_LANGUAGE_STANDARD = "gnu++20";
				CLANG_ENABLE_MODULES = YES;
				CLANG_ENABLE_OBJC_ARC = YES;
				CLANG_ENABLE_OBJC_WEAK = YES;
				CLANG_WARN_BLOCK_CAPTURE_AUTORELEASING = YES;
				CLANG_WARN_BOOL_CONVERSION = YES;
				CLANG_WARN_COMMA = YES;
				CLANG_WARN_CONSTANT_CONVERSION = YES;
				CLANG_WARN_DEPRECATED_OBJC_IMPLEMENTATIONS = YES;
				CLANG_WARN_DIRECT_OBJC_ISA_USAGE = YES_ERROR;
				CLANG_WARN_DOCUMENTATION_COMMENTS = YES;
				CLANG_WARN_EMPTY_BODY = YES;
				CLANG_WARN_ENUM_CONVERSION = YES;
				CLANG_WARN_INFINITE_RECURSION = YES;
				CLANG_WARN_INT_CONVERSION = YES;
				CLANG_WARN_NON_LITERAL_NULL_CONVERSION = YES;
				CLANG_WARN_OBJC_IMPLICIT_RETAIN_SELF = YES;
				CLANG_WARN_OBJC_LITERAL_CONVERSION = YES;
				CLANG_WARN_OBJC_ROOT_CLASS = YES_ERROR;
				CLANG_WARN_QUOTED_INCLUDE_IN_FRAMEWORK_HEADER = YES;
				CLANG_WARN_RANGE_LOOP_ANALYSIS = YES;
				CLANG_WARN_STRICT_PROTOTYPES = YES;
				CLANG_WARN_SUSPICIOUS_MOVE = YES;
				CLANG_WARN_UNGUARDED_AVAILABILITY = YES_AGGRESSIVE;
				CLANG_WARN_UNREACHABLE_CODE = YES;
				CLANG_WARN__DUPLICATE_METHOD_MATCH = YES;
				COPY_PHASE_STRIP = NO;
				DEBUG_INFORMATION_FORMAT = dwarf;
				ENABLE_STRICT_OBJC_MSGSEND = YES;
				ENABLE_TESTABILITY = YES;
				ENABLE_USER_SCRIPT_SANDBOXING = YES;
				GCC_C_LANGUAGE_STANDARD = gnu17;
				GCC_DYNAMIC_NO_PIC = NO;
				GCC_NO_COMMON_BLOCKS = YES;
				GCC_OPTIMIZATION_LEVEL = 0;
				GCC_PREPROCESSOR_DEFINITIONS = (
					"DEBUG=1",
					"$(inherited)",
				);
				GCC_WARN_64_TO_32_BIT_CONVERSION = YES;
				GCC_WARN_ABOUT_RETURN_TYPE = YES_ERROR;
				GCC_WARN_UNDECLARED_SELECTOR = YES;
				GCC_WARN_UNINITIALIZED_AUTOS = YES_AGGRESSIVE;
				GCC_WARN_UNUSED_FUNCTION = YES;
				GCC_WARN_UNUSED_VARIABLE = YES;
				IPHONEOS_DEPLOYMENT_TARGET = 17.2;
				LOCALIZATION_PREFERS_STRING_CATALOGS = YES;
				MTL_ENABLE_DEBUG_INFO = INCLUDE_SOURCE;
				MTL_FAST_MATH = YES;
				ONLY_ACTIVE_ARCH = YES;
				SDKROOT = iphoneos;
				SWIFT_ACTIVE_COMPILATION_CONDITIONS = "DEBUG $(inherited)";
				SWIFT_OPTIMIZATION_LEVEL = "-Onone";
			};
			name = Debug;
		};
		E25B4B322C6DF4E7000745F9 /* Release */ = {
			isa = XCBuildConfiguration;
			buildSettings = {
				ALWAYS_SEARCH_USER_PATHS = NO;
				ASSETCATALOG_COMPILER_GENERATE_SWIFT_ASSET_SYMBOL_EXTENSIONS = YES;
				CLANG_ANALYZER_NONNULL = YES;
				CLANG_ANALYZER_NUMBER_OBJECT_CONVERSION = YES_AGGRESSIVE;
				CLANG_CXX_LANGUAGE_STANDARD = "gnu++20";
				CLANG_ENABLE_MODULES = YES;
				CLANG_ENABLE_OBJC_ARC = YES;
				CLANG_ENABLE_OBJC_WEAK = YES;
				CLANG_WARN_BLOCK_CAPTURE_AUTORELEASING = YES;
				CLANG_WARN_BOOL_CONVERSION = YES;
				CLANG_WARN_COMMA = YES;
				CLANG_WARN_CONSTANT_CONVERSION = YES;
				CLANG_WARN_DEPRECATED_OBJC_IMPLEMENTATIONS = YES;
				CLANG_WARN_DIRECT_OBJC_ISA_USAGE = YES_ERROR;
				CLANG_WARN_DOCUMENTATION_COMMENTS = YES;
				CLANG_WARN_EMPTY_BODY = YES;
				CLANG_WARN_ENUM_CONVERSION = YES;
				CLANG_WARN_INFINITE_RECURSION = YES;
				CLANG_WARN_INT_CONVERSION = YES;
				CLANG_WARN_NON_LITERAL_NULL_CONVERSION = YES;
				CLANG_WARN_OBJC_IMPLICIT_RETAIN_SELF = YES;
				CLANG_WARN_OBJC_LITERAL_CONVERSION = YES;
				CLANG_WARN_OBJC_ROOT_CLASS = YES_ERROR;
				CLANG_WARN_QUOTED_INCLUDE_IN_FRAMEWORK_HEADER = YES;
				CLANG_WARN_RANGE_LOOP_ANALYSIS = YES;
				CLANG_WARN_STRICT_PROTOTYPES = YES;
				CLANG_WARN_SUSPICIOUS_MOVE = YES;
				CLANG_WARN_UNGUARDED_AVAILABILITY = YES_AGGRESSIVE;
				CLANG_WARN_UNREACHABLE_CODE = YES;
				CLANG_WARN__DUPLICATE_METHOD_MATCH = YES;
				COPY_PHASE_STRIP = NO;
				DEBUG_INFORMATION_FORMAT = "dwarf-with-dsym";
				ENABLE_NS_ASSERTIONS = NO;
				ENABLE_STRICT_OBJC_MSGSEND = YES;
				ENABLE_USER_SCRIPT_SANDBOXING = YES;
				GCC_C_LANGUAGE_STANDARD = gnu17;
				GCC_NO_COMMON_BLOCKS = YES;
				GCC_WARN_64_TO_32_BIT_CONVERSION = YES;
				GCC_WARN_ABOUT_RETURN_TYPE = YES_ERROR;
				GCC_WARN_UNDECLARED_SELECTOR = YES;
				GCC_WARN_UNINITIALIZED_AUTOS = YES_AGGRESSIVE;
				GCC_WARN_UNUSED_FUNCTION = YES;
				GCC_WARN_UNUSED_VARIABLE = YES;
				IPHONEOS_DEPLOYMENT_TARGET = 17.2;
				LOCALIZATION_PREFERS_STRING_CATALOGS = YES;
				MTL_ENABLE_DEBUG_INFO = NO;
				MTL_FAST_MATH = YES;
				SDKROOT = iphoneos;
				SWIFT_COMPILATION_MODE = wholemodule;
				VALIDATE_PRODUCT = YES;
			};
			name = Release;
		};
		E25B4B342C6DF4E7000745F9 /* Debug */ = {
			isa = XCBuildConfiguration;
			buildSettings = {
				ASSETCATALOG_COMPILER_APPICON_NAME = AppIcon;
				ASSETCATALOG_COMPILER_GLOBAL_ACCENT_COLOR_NAME = AccentColor;
				CODE_SIGN_STYLE = Automatic;
				CURRENT_PROJECT_VERSION = 1;
				DEVELOPMENT_ASSET_PATHS = "\"AppO/Preview Content\"";
				DEVELOPMENT_TEAM = WY6HWY8U3Y;
				ENABLE_PREVIEWS = YES;
				GENERATE_INFOPLIST_FILE = YES;
				INFOPLIST_FILE = AppO/Info.plist;
				INFOPLIST_KEY_UIApplicationSceneManifest_Generation = YES;
				INFOPLIST_KEY_UIApplicationSupportsIndirectInputEvents = YES;
				INFOPLIST_KEY_UILaunchScreen_Generation = YES;
				INFOPLIST_KEY_UISupportedInterfaceOrientations = UIInterfaceOrientationPortrait;
				LD_RUNPATH_SEARCH_PATHS = (
					"$(inherited)",
					"@executable_path/Frameworks",
				);
				MARKETING_VERSION = 1.0;
				PRODUCT_BUNDLE_IDENTIFIER = com.appopay.wallet.AppO;
				PRODUCT_NAME = "$(TARGET_NAME)";
				PROD_API = "https://prodapi.appopay.com/api/sms/";
				SWIFT_EMIT_LOC_STRINGS = YES;
				SWIFT_VERSION = 5.0;
				Server_One = "http://3.13.197.45:8081/";
				System_API = "https://system.appopay.com:9004/";
				TARGETED_DEVICE_FAMILY = "1,2";
			};
			name = Debug;
		};
		E25B4B352C6DF4E7000745F9 /* Release */ = {
			isa = XCBuildConfiguration;
			buildSettings = {
				ASSETCATALOG_COMPILER_APPICON_NAME = AppIcon;
				ASSETCATALOG_COMPILER_GLOBAL_ACCENT_COLOR_NAME = AccentColor;
				CODE_SIGN_STYLE = Automatic;
				CURRENT_PROJECT_VERSION = 1;
				DEVELOPMENT_ASSET_PATHS = "\"AppO/Preview Content\"";
				DEVELOPMENT_TEAM = WY6HWY8U3Y;
				ENABLE_PREVIEWS = YES;
				GENERATE_INFOPLIST_FILE = YES;
				INFOPLIST_FILE = AppO/Info.plist;
				INFOPLIST_KEY_UIApplicationSceneManifest_Generation = YES;
				INFOPLIST_KEY_UIApplicationSupportsIndirectInputEvents = YES;
				INFOPLIST_KEY_UILaunchScreen_Generation = YES;
				INFOPLIST_KEY_UISupportedInterfaceOrientations = UIInterfaceOrientationPortrait;
				LD_RUNPATH_SEARCH_PATHS = (
					"$(inherited)",
					"@executable_path/Frameworks",
				);
				MARKETING_VERSION = 1.0;
				PRODUCT_BUNDLE_IDENTIFIER = com.appopay.wallet.AppO;
				PRODUCT_NAME = "$(TARGET_NAME)";
				PROD_API = "https://prodapi.appopay.com/api/sms/";
				SWIFT_EMIT_LOC_STRINGS = YES;
				SWIFT_VERSION = 5.0;
				Server_One = "http://3.13.197.45:8081/";
				System_API = "https://system.appopay.com:9004/";
				TARGETED_DEVICE_FAMILY = "1,2";
			};
			name = Release;
		};
/* End XCBuildConfiguration section */

/* Begin XCConfigurationList section */
		E25B4B202C6DF4E5000745F9 /* Build configuration list for PBXProject "AppO" */ = {
			isa = XCConfigurationList;
			buildConfigurations = (
				E25B4B312C6DF4E7000745F9 /* Debug */,
				E25B4B322C6DF4E7000745F9 /* Release */,
			);
			defaultConfigurationIsVisible = 0;
			defaultConfigurationName = Release;
		};
		E25B4B332C6DF4E7000745F9 /* Build configuration list for PBXNativeTarget "AppO" */ = {
			isa = XCConfigurationList;
			buildConfigurations = (
				E25B4B342C6DF4E7000745F9 /* Debug */,
				E25B4B352C6DF4E7000745F9 /* Release */,
			);
			defaultConfigurationIsVisible = 0;
			defaultConfigurationName = Release;
		};
/* End XCConfigurationList section */

/* Begin XCRemoteSwiftPackageReference section */
		E24B91742C7718F1009091B2 /* XCRemoteSwiftPackageReference "Moya" */ = {
			isa = XCRemoteSwiftPackageReference;
			repositoryURL = "https://github.com/Moya/Moya";
			requirement = {
				kind = upToNextMajorVersion;
				minimumVersion = 15.0.3;
			};
		};
/* End XCRemoteSwiftPackageReference section */

/* Begin XCSwiftPackageProductDependency section */
		E24B91752C7718F1009091B2 /* CombineMoya */ = {
			isa = XCSwiftPackageProductDependency;
			package = E24B91742C7718F1009091B2 /* XCRemoteSwiftPackageReference "Moya" */;
			productName = CombineMoya;
		};
		E24B91772C7718F1009091B2 /* Moya */ = {
			isa = XCSwiftPackageProductDependency;
			package = E24B91742C7718F1009091B2 /* XCRemoteSwiftPackageReference "Moya" */;
			productName = Moya;
		};
		E24B91792C7718F1009091B2 /* ReactiveMoya */ = {
			isa = XCSwiftPackageProductDependency;
			package = E24B91742C7718F1009091B2 /* XCRemoteSwiftPackageReference "Moya" */;
			productName = ReactiveMoya;
		};
		E24B917B2C7718F1009091B2 /* RxMoya */ = {
			isa = XCSwiftPackageProductDependency;
			package = E24B91742C7718F1009091B2 /* XCRemoteSwiftPackageReference "Moya" */;
			productName = RxMoya;
		};
/* End XCSwiftPackageProductDependency section */
	};
	rootObject = E25B4B1D2C6DF4E5000745F9 /* Project object */;
}
