// !$*UTF8*$!
{
	archiveVersion = 1;
	classes = {
	};
	objectVersion = 56;
	objects = {

/* Begin PBXBuildFile section */
		E20FA2642C6F911F00B7CBC6 /* VerifyOTPViewModel.swift in Sources */ = {isa = PBXBuildFile; fileRef = E20FA2632C6F911F00B7CBC6 /* VerifyOTPViewModel.swift */; };
		E20FA2662C6F913300B7CBC6 /* PhoneNumberVerificationViewModel.swift in Sources */ = {isa = PBXBuildFile; fileRef = E20FA2652C6F913300B7CBC6 /* PhoneNumberVerificationViewModel.swift */; };
		E20FA2682C6F913E00B7CBC6 /* EnterMPINViewModel.swift in Sources */ = {isa = PBXBuildFile; fileRef = E20FA2672C6F913E00B7CBC6 /* EnterMPINViewModel.swift */; };
		E20FA26A2C6F915800B7CBC6 /* InitialScreenViewModel.swift in Sources */ = {isa = PBXBuildFile; fileRef = E20FA2692C6F915800B7CBC6 /* InitialScreenViewModel.swift */; };
		E22658782C7C703500DF8506 /* HomeScreenView.swift in Sources */ = {isa = PBXBuildFile; fileRef = E22658772C7C703500DF8506 /* HomeScreenView.swift */; };
		E226587A2C7C704000DF8506 /* HomeScreenViewModel.swift in Sources */ = {isa = PBXBuildFile; fileRef = E22658792C7C704000DF8506 /* HomeScreenViewModel.swift */; };
		E226587C2C7C716B00DF8506 /* HomeNavigator.swift in Sources */ = {isa = PBXBuildFile; fileRef = E226587B2C7C716B00DF8506 /* HomeNavigator.swift */; };
		E226587F2C7C9AB900DF8506 /* SideMenu.swift in Sources */ = {isa = PBXBuildFile; fileRef = E226587E2C7C9AB900DF8506 /* SideMenu.swift */; };
		E22658812C7C9B8B00DF8506 /* SideMenuView.swift in Sources */ = {isa = PBXBuildFile; fileRef = E22658802C7C9B8B00DF8506 /* SideMenuView.swift */; };
		E22658842C7CAA2700DF8506 /* ManageAccountView.swift in Sources */ = {isa = PBXBuildFile; fileRef = E22658832C7CAA2700DF8506 /* ManageAccountView.swift */; };
		E22658862C7CAA3600DF8506 /* ManageAccountViewModel.swift in Sources */ = {isa = PBXBuildFile; fileRef = E22658852C7CAA3600DF8506 /* ManageAccountViewModel.swift */; };
		E22658882C7CABD200DF8506 /* CardButtonView.swift in Sources */ = {isa = PBXBuildFile; fileRef = E22658872C7CABD200DF8506 /* CardButtonView.swift */; };
		E226588B2C7CACAB00DF8506 /* CardTransactionDetailsView.swift in Sources */ = {isa = PBXBuildFile; fileRef = E226588A2C7CACAB00DF8506 /* CardTransactionDetailsView.swift */; };
		E226588D2C7CACB900DF8506 /* CardTransactionDetailsViewModel.swift in Sources */ = {isa = PBXBuildFile; fileRef = E226588C2C7CACB900DF8506 /* CardTransactionDetailsViewModel.swift */; };
		E226588F2C7CADB600DF8506 /* TransactionDetailsItems.swift in Sources */ = {isa = PBXBuildFile; fileRef = E226588E2C7CADB600DF8506 /* TransactionDetailsItems.swift */; };
		E22658922C7CB5CE00DF8506 /* MyQRCodeViewModel.swift in Sources */ = {isa = PBXBuildFile; fileRef = E22658912C7CB5CE00DF8506 /* MyQRCodeViewModel.swift */; };
		E22658942C7CB5DF00DF8506 /* MyQRCodeView.swift in Sources */ = {isa = PBXBuildFile; fileRef = E22658932C7CB5DF00DF8506 /* MyQRCodeView.swift */; };
		E239640B2C78C57D00AD4E6F /* Navigator.swift in Sources */ = {isa = PBXBuildFile; fileRef = E239640A2C78C57D00AD4E6F /* Navigator.swift */; };
		E239640D2C78C5F900AD4E6F /* TermsAndConditionViewModel.swift in Sources */ = {isa = PBXBuildFile; fileRef = E239640C2C78C5F900AD4E6F /* TermsAndConditionViewModel.swift */; };
		E23964132C78CF8A00AD4E6F /* Coordinator.swift in Sources */ = {isa = PBXBuildFile; fileRef = E23964122C78CF8A00AD4E6F /* Coordinator.swift */; };
		E24B91762C7718F1009091B2 /* CombineMoya in Frameworks */ = {isa = PBXBuildFile; productRef = E24B91752C7718F1009091B2 /* CombineMoya */; };
		E24B91782C7718F1009091B2 /* Moya in Frameworks */ = {isa = PBXBuildFile; productRef = E24B91772C7718F1009091B2 /* Moya */; };
		E24B917A2C7718F1009091B2 /* ReactiveMoya in Frameworks */ = {isa = PBXBuildFile; productRef = E24B91792C7718F1009091B2 /* ReactiveMoya */; };
		E24B917C2C7718F1009091B2 /* RxMoya in Frameworks */ = {isa = PBXBuildFile; productRef = E24B917B2C7718F1009091B2 /* RxMoya */; };
		E24B91842C771929009091B2 /* APIHeader.swift in Sources */ = {isa = PBXBuildFile; fileRef = E24B917D2C771929009091B2 /* APIHeader.swift */; };
		E24B91862C771929009091B2 /* NetworkManagerProviders.swift in Sources */ = {isa = PBXBuildFile; fileRef = E24B917F2C771929009091B2 /* NetworkManagerProviders.swift */; };
		E24B91872C771929009091B2 /* NetworkError.swift in Sources */ = {isa = PBXBuildFile; fileRef = E24B91802C771929009091B2 /* NetworkError.swift */; };
		E24B91892C771929009091B2 /* APIBaseResponse.swift in Sources */ = {isa = PBXBuildFile; fileRef = E24B91822C771929009091B2 /* APIBaseResponse.swift */; };
		E24B918A2C771929009091B2 /* NetworkManager.swift in Sources */ = {isa = PBXBuildFile; fileRef = E24B91832C771929009091B2 /* NetworkManager.swift */; };
		E24B91952C771AE2009091B2 /* AppEnvironment.swift in Sources */ = {isa = PBXBuildFile; fileRef = E24B91932C771AE2009091B2 /* AppEnvironment.swift */; };
		E24B91962C771AE2009091B2 /* PlistKey.swift in Sources */ = {isa = PBXBuildFile; fileRef = E24B91942C771AE2009091B2 /* PlistKey.swift */; };
		E25B4B292C6DF4E5000745F9 /* AppOApp.swift in Sources */ = {isa = PBXBuildFile; fileRef = E25B4B282C6DF4E5000745F9 /* AppOApp.swift */; };
		E25B4B2D2C6DF4E7000745F9 /* Assets.xcassets in Resources */ = {isa = PBXBuildFile; fileRef = E25B4B2C2C6DF4E7000745F9 /* Assets.xcassets */; };
		E25B4B302C6DF4E7000745F9 /* Preview Assets.xcassets in Resources */ = {isa = PBXBuildFile; fileRef = E25B4B2F2C6DF4E7000745F9 /* Preview Assets.xcassets */; };
		E25B4B402C6DFAFB000745F9 /* InitialView.swift in Sources */ = {isa = PBXBuildFile; fileRef = E25B4B3F2C6DFAFB000745F9 /* InitialView.swift */; };
		E25B4B422C6E171E000745F9 /* BottomNavigation.swift in Sources */ = {isa = PBXBuildFile; fileRef = E25B4B412C6E171E000745F9 /* BottomNavigation.swift */; };
		E25B4B442C6E17E9000745F9 /* NavigationItems.swift in Sources */ = {isa = PBXBuildFile; fileRef = E25B4B432C6E17E9000745F9 /* NavigationItems.swift */; };
		E25B4B492C6E1E0D000745F9 /* TermAndConditionView.swift in Sources */ = {isa = PBXBuildFile; fileRef = E25B4B482C6E1E0D000745F9 /* TermAndConditionView.swift */; };
		E25B4B4C2C6E254D000745F9 /* NavigationBarView.swift in Sources */ = {isa = PBXBuildFile; fileRef = E25B4B4B2C6E254D000745F9 /* NavigationBarView.swift */; };
		E25B90382C7CCC8A00A6F871 /* MainTabbedView.swift in Sources */ = {isa = PBXBuildFile; fileRef = E25B90372C7CCC8A00A6F871 /* MainTabbedView.swift */; };
		E25B903A2C7CD16200A6F871 /* SideMenuTopNavigator.swift in Sources */ = {isa = PBXBuildFile; fileRef = E25B90392C7CD16200A6F871 /* SideMenuTopNavigator.swift */; };
		E25B903D2C7CE16000A6F871 /* CardToCardViewModel.swift in Sources */ = {isa = PBXBuildFile; fileRef = E25B903C2C7CE16000A6F871 /* CardToCardViewModel.swift */; };
		E25B903F2C7CE17500A6F871 /* CardToCardView.swift in Sources */ = {isa = PBXBuildFile; fileRef = E25B903E2C7CE17500A6F871 /* CardToCardView.swift */; };
		E25B90422C7CEAAD00A6F871 /* CardStyle.swift in Sources */ = {isa = PBXBuildFile; fileRef = E25B90412C7CEAAD00A6F871 /* CardStyle.swift */; };
		E25B90442C7CEC7900A6F871 /* SettingsView.swift in Sources */ = {isa = PBXBuildFile; fileRef = E25B90432C7CEC7900A6F871 /* SettingsView.swift */; };
		E25B90462C7CEC8200A6F871 /* SettingsViewModel.swift in Sources */ = {isa = PBXBuildFile; fileRef = E25B90452C7CEC8200A6F871 /* SettingsViewModel.swift */; };
		E25B90492C7CF25E00A6F871 /* CardStatusViewModel.swift in Sources */ = {isa = PBXBuildFile; fileRef = E25B90482C7CF25E00A6F871 /* CardStatusViewModel.swift */; };
		E25B904B2C7CF26F00A6F871 /* CardStatusView.swift in Sources */ = {isa = PBXBuildFile; fileRef = E25B904A2C7CF26F00A6F871 /* CardStatusView.swift */; };
		E25B904D2C7CF3CB00A6F871 /* RadioButtonView.swift in Sources */ = {isa = PBXBuildFile; fileRef = E25B904C2C7CF3CB00A6F871 /* RadioButtonView.swift */; };
		E25B90502C7D006000A6F871 /* ChangeTransactionPinView.swift in Sources */ = {isa = PBXBuildFile; fileRef = E25B904F2C7D006000A6F871 /* ChangeTransactionPinView.swift */; };
		E25B90522C7D006900A6F871 /* ChangeTransactionPinViewModel.swift in Sources */ = {isa = PBXBuildFile; fileRef = E25B90512C7D006900A6F871 /* ChangeTransactionPinViewModel.swift */; };
		E25B90552C7D04F700A6F871 /* ReplaceCardView.swift in Sources */ = {isa = PBXBuildFile; fileRef = E25B90542C7D04F700A6F871 /* ReplaceCardView.swift */; };
		E25B90572C7D04FF00A6F871 /* ReplaceCardViewModel.swift in Sources */ = {isa = PBXBuildFile; fileRef = E25B90562C7D04FF00A6F871 /* ReplaceCardViewModel.swift */; };
		E25B905A2C7D05C900A6F871 /* RenewCardViewModel.swift in Sources */ = {isa = PBXBuildFile; fileRef = E25B90592C7D05C900A6F871 /* RenewCardViewModel.swift */; };
		E25B905C2C7D05D800A6F871 /* RenewCardView.swift in Sources */ = {isa = PBXBuildFile; fileRef = E25B905B2C7D05D800A6F871 /* RenewCardView.swift */; };
		E25B905F2C7D063E00A6F871 /* TransactionSettingsView.swift in Sources */ = {isa = PBXBuildFile; fileRef = E25B905E2C7D063E00A6F871 /* TransactionSettingsView.swift */; };
		E25B90612C7D064800A6F871 /* TransactionSettingsViewModel.swift in Sources */ = {isa = PBXBuildFile; fileRef = E25B90602C7D064800A6F871 /* TransactionSettingsViewModel.swift */; };
		E25B90642C7D0A4400A6F871 /* AddOnCardViewModel.swift in Sources */ = {isa = PBXBuildFile; fileRef = E25B90632C7D0A4400A6F871 /* AddOnCardViewModel.swift */; };
		E25B90662C7D0A5300A6F871 /* AddOnCardView.swift in Sources */ = {isa = PBXBuildFile; fileRef = E25B90652C7D0A5300A6F871 /* AddOnCardView.swift */; };
		E25B90682C7D0CBB00A6F871 /* CustomTextfieldStyle.swift in Sources */ = {isa = PBXBuildFile; fileRef = E25B90672C7D0CBB00A6F871 /* CustomTextfieldStyle.swift */; };
		E25B906A2C7D0D5B00A6F871 /* CustomButtonStyle.swift in Sources */ = {isa = PBXBuildFile; fileRef = E25B90692C7D0D5B00A6F871 /* CustomButtonStyle.swift */; };
		E27298272C8B2A4E00B41FF8 /* AppFonts.swift in Sources */ = {isa = PBXBuildFile; fileRef = E27298262C8B2A4E00B41FF8 /* AppFonts.swift */; };
		E27298292C8B2A6100B41FF8 /* CustomFonts.swift in Sources */ = {isa = PBXBuildFile; fileRef = E27298282C8B2A6100B41FF8 /* CustomFonts.swift */; };
		E272982B2C8B2A9800B41FF8 /* Fonts+Extension.swift in Sources */ = {isa = PBXBuildFile; fileRef = E272982A2C8B2A9800B41FF8 /* Fonts+Extension.swift */; };
		E272982F2C8B2B1E00B41FF8 /* GlacialIndifference-Bold.otf in Resources */ = {isa = PBXBuildFile; fileRef = E272982C2C8B2B1E00B41FF8 /* GlacialIndifference-Bold.otf */; };
		E27298302C8B2B1E00B41FF8 /* GlacialIndifference-Italic.otf in Resources */ = {isa = PBXBuildFile; fileRef = E272982D2C8B2B1E00B41FF8 /* GlacialIndifference-Italic.otf */; };
		E27298352C8B2B4800B41FF8 /* GlacialIndifference-Regular.otf in Resources */ = {isa = PBXBuildFile; fileRef = E27298342C8B2B4800B41FF8 /* GlacialIndifference-Regular.otf */; };
		E291413D2C7339DF00D054A1 /* RegistrationView.swift in Sources */ = {isa = PBXBuildFile; fileRef = E291413C2C7339DF00D054A1 /* RegistrationView.swift */; };
		E29141402C7339EF00D054A1 /* RegistrationViewModel.swift in Sources */ = {isa = PBXBuildFile; fileRef = E291413F2C7339EF00D054A1 /* RegistrationViewModel.swift */; };
		E29141452C736C0D00D054A1 /* SetupMobilePinView.swift in Sources */ = {isa = PBXBuildFile; fileRef = E29141442C736C0D00D054A1 /* SetupMobilePinView.swift */; };
		E29141492C736C2700D054A1 /* SetupMobilePinViewModel.swift in Sources */ = {isa = PBXBuildFile; fileRef = E29141482C736C2600D054A1 /* SetupMobilePinViewModel.swift */; };
		E291414B2C736D7700D054A1 /* TimeManager.swift in Sources */ = {isa = PBXBuildFile; fileRef = E291414A2C736D7700D054A1 /* TimeManager.swift */; };
		E291414D2C736DB100D054A1 /* OTPInputView.swift in Sources */ = {isa = PBXBuildFile; fileRef = E291414C2C736DB100D054A1 /* OTPInputView.swift */; };
		E2A0F2FD2C8C410F00821357 /* PhoneNumberVerificationView.swift in Sources */ = {isa = PBXBuildFile; fileRef = E2A0F2FC2C8C410F00821357 /* PhoneNumberVerificationView.swift */; };
		E2BD5DDF2C76239B006FB4B7 /* Environment.swift in Sources */ = {isa = PBXBuildFile; fileRef = E2BD5DDE2C76239B006FB4B7 /* Environment.swift */; };
		E2C3D46A2C6F80380017E47C /* VerifyOTPView.swift in Sources */ = {isa = PBXBuildFile; fileRef = E2C3D4692C6F80380017E47C /* VerifyOTPView.swift */; };
		E2C9CB092C785C7300B47B38 /* EnterMPinInteractor.swift in Sources */ = {isa = PBXBuildFile; fileRef = E2C9CB082C785C7300B47B38 /* EnterMPinInteractor.swift */; };
		E2C9CB0B2C785C8400B47B38 /* PhoneNumberVerificationInteractor.swift in Sources */ = {isa = PBXBuildFile; fileRef = E2C9CB0A2C785C8400B47B38 /* PhoneNumberVerificationInteractor.swift */; };
		E2C9CB0D2C785C8F00B47B38 /* VerifyOTPInteractor.swift in Sources */ = {isa = PBXBuildFile; fileRef = E2C9CB0C2C785C8F00B47B38 /* VerifyOTPInteractor.swift */; };
		E2C9CB0F2C785C9A00B47B38 /* RegistrationInteractor.swift in Sources */ = {isa = PBXBuildFile; fileRef = E2C9CB0E2C785C9A00B47B38 /* RegistrationInteractor.swift */; };
		E2C9CB112C785CAF00B47B38 /* SetupMobilePinInteractor.swift in Sources */ = {isa = PBXBuildFile; fileRef = E2C9CB102C785CAF00B47B38 /* SetupMobilePinInteractor.swift */; };
		E2C9CB132C78603B00B47B38 /* RegistrationModel.swift in Sources */ = {isa = PBXBuildFile; fileRef = E2C9CB122C78603B00B47B38 /* RegistrationModel.swift */; };
		E2C9CB172C7860E100B47B38 /* RegistrationResponse.swift in Sources */ = {isa = PBXBuildFile; fileRef = E2C9CB162C7860E100B47B38 /* RegistrationResponse.swift */; };
		E2C9CB192C78616B00B47B38 /* RegistrationAPIs.swift in Sources */ = {isa = PBXBuildFile; fileRef = E2C9CB182C78616B00B47B38 /* RegistrationAPIs.swift */; };
		E2C9CB1B2C7863A200B47B38 /* Codable+Extension.swift in Sources */ = {isa = PBXBuildFile; fileRef = E2C9CB1A2C7863A200B47B38 /* Codable+Extension.swift */; };
		E2C9CB1D2C7863ED00B47B38 /* Scheduler.swift in Sources */ = {isa = PBXBuildFile; fileRef = E2C9CB1C2C7863ED00B47B38 /* Scheduler.swift */; };
		E2D140242C6E49D70064EE6E /* AppLogoView.swift in Sources */ = {isa = PBXBuildFile; fileRef = E2D140232C6E49D70064EE6E /* AppLogoView.swift */; };
		E2D1402A2C6E4A390064EE6E /* EnterMPINView.swift in Sources */ = {isa = PBXBuildFile; fileRef = E2D140292C6E4A390064EE6E /* EnterMPINView.swift */; };
		E2D140312C6F5BCB0064EE6E /* PhoneNumberModel.swift in Sources */ = {isa = PBXBuildFile; fileRef = E2D140302C6F5BCB0064EE6E /* PhoneNumberModel.swift */; };
		E2D140332C6F5C060064EE6E /* CountryNumbers.json in Resources */ = {isa = PBXBuildFile; fileRef = E2D140322C6F5C060064EE6E /* CountryNumbers.json */; };
		E2D140352C6F5C2D0064EE6E /* Decoder+Extension.swift in Sources */ = {isa = PBXBuildFile; fileRef = E2D140342C6F5C2D0064EE6E /* Decoder+Extension.swift */; };
		E2D140372C6F5D1F0064EE6E /* View+Extension.swift in Sources */ = {isa = PBXBuildFile; fileRef = E2D140362C6F5D1F0064EE6E /* View+Extension.swift */; };
		E2F27AE42C8EBF5700251BCE /* CurvedShape.swift in Sources */ = {isa = PBXBuildFile; fileRef = E2F27AE32C8EBF5700251BCE /* CurvedShape.swift */; };
		E2F27AE62C8F079D00251BCE /* HomeScreenNavigationBar.swift in Sources */ = {isa = PBXBuildFile; fileRef = E2F27AE52C8F079D00251BCE /* HomeScreenNavigationBar.swift */; };
/* End PBXBuildFile section */

/* Begin PBXFileReference section */
		E20FA2632C6F911F00B7CBC6 /* VerifyOTPViewModel.swift */ = {isa = PBXFileReference; lastKnownFileType = sourcecode.swift; path = VerifyOTPViewModel.swift; sourceTree = "<group>"; };
		E20FA2652C6F913300B7CBC6 /* PhoneNumberVerificationViewModel.swift */ = {isa = PBXFileReference; lastKnownFileType = sourcecode.swift; path = PhoneNumberVerificationViewModel.swift; sourceTree = "<group>"; };
		E20FA2672C6F913E00B7CBC6 /* EnterMPINViewModel.swift */ = {isa = PBXFileReference; lastKnownFileType = sourcecode.swift; path = EnterMPINViewModel.swift; sourceTree = "<group>"; };
		E20FA2692C6F915800B7CBC6 /* InitialScreenViewModel.swift */ = {isa = PBXFileReference; lastKnownFileType = sourcecode.swift; path = InitialScreenViewModel.swift; sourceTree = "<group>"; };
		E22658772C7C703500DF8506 /* HomeScreenView.swift */ = {isa = PBXFileReference; lastKnownFileType = sourcecode.swift; path = HomeScreenView.swift; sourceTree = "<group>"; };
		E22658792C7C704000DF8506 /* HomeScreenViewModel.swift */ = {isa = PBXFileReference; lastKnownFileType = sourcecode.swift; path = HomeScreenViewModel.swift; sourceTree = "<group>"; };
		E226587B2C7C716B00DF8506 /* HomeNavigator.swift */ = {isa = PBXFileReference; lastKnownFileType = sourcecode.swift; path = HomeNavigator.swift; sourceTree = "<group>"; };
		E226587E2C7C9AB900DF8506 /* SideMenu.swift */ = {isa = PBXFileReference; lastKnownFileType = sourcecode.swift; path = SideMenu.swift; sourceTree = "<group>"; };
		E22658802C7C9B8B00DF8506 /* SideMenuView.swift */ = {isa = PBXFileReference; lastKnownFileType = sourcecode.swift; path = SideMenuView.swift; sourceTree = "<group>"; };
		E22658832C7CAA2700DF8506 /* ManageAccountView.swift */ = {isa = PBXFileReference; lastKnownFileType = sourcecode.swift; path = ManageAccountView.swift; sourceTree = "<group>"; };
		E22658852C7CAA3600DF8506 /* ManageAccountViewModel.swift */ = {isa = PBXFileReference; lastKnownFileType = sourcecode.swift; path = ManageAccountViewModel.swift; sourceTree = "<group>"; };
		E22658872C7CABD200DF8506 /* CardButtonView.swift */ = {isa = PBXFileReference; lastKnownFileType = sourcecode.swift; path = CardButtonView.swift; sourceTree = "<group>"; };
		E226588A2C7CACAB00DF8506 /* CardTransactionDetailsView.swift */ = {isa = PBXFileReference; lastKnownFileType = sourcecode.swift; path = CardTransactionDetailsView.swift; sourceTree = "<group>"; };
		E226588C2C7CACB900DF8506 /* CardTransactionDetailsViewModel.swift */ = {isa = PBXFileReference; lastKnownFileType = sourcecode.swift; path = CardTransactionDetailsViewModel.swift; sourceTree = "<group>"; };
		E226588E2C7CADB600DF8506 /* TransactionDetailsItems.swift */ = {isa = PBXFileReference; lastKnownFileType = sourcecode.swift; path = TransactionDetailsItems.swift; sourceTree = "<group>"; };
		E22658912C7CB5CE00DF8506 /* MyQRCodeViewModel.swift */ = {isa = PBXFileReference; lastKnownFileType = sourcecode.swift; path = MyQRCodeViewModel.swift; sourceTree = "<group>"; };
		E22658932C7CB5DF00DF8506 /* MyQRCodeView.swift */ = {isa = PBXFileReference; lastKnownFileType = sourcecode.swift; path = MyQRCodeView.swift; sourceTree = "<group>"; };
		E239640A2C78C57D00AD4E6F /* Navigator.swift */ = {isa = PBXFileReference; lastKnownFileType = sourcecode.swift; path = Navigator.swift; sourceTree = "<group>"; };
		E239640C2C78C5F900AD4E6F /* TermsAndConditionViewModel.swift */ = {isa = PBXFileReference; lastKnownFileType = sourcecode.swift; path = TermsAndConditionViewModel.swift; sourceTree = "<group>"; };
		E23964122C78CF8A00AD4E6F /* Coordinator.swift */ = {isa = PBXFileReference; lastKnownFileType = sourcecode.swift; path = Coordinator.swift; sourceTree = "<group>"; };
		E24B917D2C771929009091B2 /* APIHeader.swift */ = {isa = PBXFileReference; fileEncoding = 4; lastKnownFileType = sourcecode.swift; path = APIHeader.swift; sourceTree = "<group>"; };
		E24B917F2C771929009091B2 /* NetworkManagerProviders.swift */ = {isa = PBXFileReference; fileEncoding = 4; lastKnownFileType = sourcecode.swift; path = NetworkManagerProviders.swift; sourceTree = "<group>"; };
		E24B91802C771929009091B2 /* NetworkError.swift */ = {isa = PBXFileReference; fileEncoding = 4; lastKnownFileType = sourcecode.swift; path = NetworkError.swift; sourceTree = "<group>"; };
		E24B91822C771929009091B2 /* APIBaseResponse.swift */ = {isa = PBXFileReference; fileEncoding = 4; lastKnownFileType = sourcecode.swift; path = APIBaseResponse.swift; sourceTree = "<group>"; };
		E24B91832C771929009091B2 /* NetworkManager.swift */ = {isa = PBXFileReference; fileEncoding = 4; lastKnownFileType = sourcecode.swift; path = NetworkManager.swift; sourceTree = "<group>"; };
		E24B91932C771AE2009091B2 /* AppEnvironment.swift */ = {isa = PBXFileReference; fileEncoding = 4; lastKnownFileType = sourcecode.swift; path = AppEnvironment.swift; sourceTree = "<group>"; };
		E24B91942C771AE2009091B2 /* PlistKey.swift */ = {isa = PBXFileReference; fileEncoding = 4; lastKnownFileType = sourcecode.swift; path = PlistKey.swift; sourceTree = "<group>"; };
		E25B4B252C6DF4E5000745F9 /* AppO.app */ = {isa = PBXFileReference; explicitFileType = wrapper.application; includeInIndex = 0; path = AppO.app; sourceTree = BUILT_PRODUCTS_DIR; };
		E25B4B282C6DF4E5000745F9 /* AppOApp.swift */ = {isa = PBXFileReference; lastKnownFileType = sourcecode.swift; path = AppOApp.swift; sourceTree = "<group>"; };
		E25B4B2C2C6DF4E7000745F9 /* Assets.xcassets */ = {isa = PBXFileReference; lastKnownFileType = folder.assetcatalog; path = Assets.xcassets; sourceTree = "<group>"; };
		E25B4B2F2C6DF4E7000745F9 /* Preview Assets.xcassets */ = {isa = PBXFileReference; lastKnownFileType = folder.assetcatalog; path = "Preview Assets.xcassets"; sourceTree = "<group>"; };
		E25B4B3F2C6DFAFB000745F9 /* InitialView.swift */ = {isa = PBXFileReference; lastKnownFileType = sourcecode.swift; path = InitialView.swift; sourceTree = "<group>"; };
		E25B4B412C6E171E000745F9 /* BottomNavigation.swift */ = {isa = PBXFileReference; lastKnownFileType = sourcecode.swift; path = BottomNavigation.swift; sourceTree = "<group>"; };
		E25B4B432C6E17E9000745F9 /* NavigationItems.swift */ = {isa = PBXFileReference; lastKnownFileType = sourcecode.swift; path = NavigationItems.swift; sourceTree = "<group>"; };
		E25B4B482C6E1E0D000745F9 /* TermAndConditionView.swift */ = {isa = PBXFileReference; lastKnownFileType = sourcecode.swift; path = TermAndConditionView.swift; sourceTree = "<group>"; };
		E25B4B4B2C6E254D000745F9 /* NavigationBarView.swift */ = {isa = PBXFileReference; lastKnownFileType = sourcecode.swift; path = NavigationBarView.swift; sourceTree = "<group>"; };
		E25B90372C7CCC8A00A6F871 /* MainTabbedView.swift */ = {isa = PBXFileReference; lastKnownFileType = sourcecode.swift; path = MainTabbedView.swift; sourceTree = "<group>"; };
		E25B90392C7CD16200A6F871 /* SideMenuTopNavigator.swift */ = {isa = PBXFileReference; lastKnownFileType = sourcecode.swift; path = SideMenuTopNavigator.swift; sourceTree = "<group>"; };
		E25B903C2C7CE16000A6F871 /* CardToCardViewModel.swift */ = {isa = PBXFileReference; lastKnownFileType = sourcecode.swift; path = CardToCardViewModel.swift; sourceTree = "<group>"; };
		E25B903E2C7CE17500A6F871 /* CardToCardView.swift */ = {isa = PBXFileReference; lastKnownFileType = sourcecode.swift; path = CardToCardView.swift; sourceTree = "<group>"; };
		E25B90412C7CEAAD00A6F871 /* CardStyle.swift */ = {isa = PBXFileReference; lastKnownFileType = sourcecode.swift; path = CardStyle.swift; sourceTree = "<group>"; };
		E25B90432C7CEC7900A6F871 /* SettingsView.swift */ = {isa = PBXFileReference; lastKnownFileType = sourcecode.swift; path = SettingsView.swift; sourceTree = "<group>"; };
		E25B90452C7CEC8200A6F871 /* SettingsViewModel.swift */ = {isa = PBXFileReference; lastKnownFileType = sourcecode.swift; path = SettingsViewModel.swift; sourceTree = "<group>"; };
		E25B90482C7CF25E00A6F871 /* CardStatusViewModel.swift */ = {isa = PBXFileReference; lastKnownFileType = sourcecode.swift; path = CardStatusViewModel.swift; sourceTree = "<group>"; };
		E25B904A2C7CF26F00A6F871 /* CardStatusView.swift */ = {isa = PBXFileReference; lastKnownFileType = sourcecode.swift; path = CardStatusView.swift; sourceTree = "<group>"; };
		E25B904C2C7CF3CB00A6F871 /* RadioButtonView.swift */ = {isa = PBXFileReference; lastKnownFileType = sourcecode.swift; path = RadioButtonView.swift; sourceTree = "<group>"; };
		E25B904F2C7D006000A6F871 /* ChangeTransactionPinView.swift */ = {isa = PBXFileReference; lastKnownFileType = sourcecode.swift; path = ChangeTransactionPinView.swift; sourceTree = "<group>"; };
		E25B90512C7D006900A6F871 /* ChangeTransactionPinViewModel.swift */ = {isa = PBXFileReference; lastKnownFileType = sourcecode.swift; path = ChangeTransactionPinViewModel.swift; sourceTree = "<group>"; };
		E25B90542C7D04F700A6F871 /* ReplaceCardView.swift */ = {isa = PBXFileReference; lastKnownFileType = sourcecode.swift; path = ReplaceCardView.swift; sourceTree = "<group>"; };
		E25B90562C7D04FF00A6F871 /* ReplaceCardViewModel.swift */ = {isa = PBXFileReference; lastKnownFileType = sourcecode.swift; path = ReplaceCardViewModel.swift; sourceTree = "<group>"; };
		E25B90592C7D05C900A6F871 /* RenewCardViewModel.swift */ = {isa = PBXFileReference; lastKnownFileType = sourcecode.swift; path = RenewCardViewModel.swift; sourceTree = "<group>"; };
		E25B905B2C7D05D800A6F871 /* RenewCardView.swift */ = {isa = PBXFileReference; lastKnownFileType = sourcecode.swift; path = RenewCardView.swift; sourceTree = "<group>"; };
		E25B905E2C7D063E00A6F871 /* TransactionSettingsView.swift */ = {isa = PBXFileReference; lastKnownFileType = sourcecode.swift; path = TransactionSettingsView.swift; sourceTree = "<group>"; };
		E25B90602C7D064800A6F871 /* TransactionSettingsViewModel.swift */ = {isa = PBXFileReference; lastKnownFileType = sourcecode.swift; path = TransactionSettingsViewModel.swift; sourceTree = "<group>"; };
		E25B90632C7D0A4400A6F871 /* AddOnCardViewModel.swift */ = {isa = PBXFileReference; lastKnownFileType = sourcecode.swift; path = AddOnCardViewModel.swift; sourceTree = "<group>"; };
		E25B90652C7D0A5300A6F871 /* AddOnCardView.swift */ = {isa = PBXFileReference; lastKnownFileType = sourcecode.swift; path = AddOnCardView.swift; sourceTree = "<group>"; };
		E25B90672C7D0CBB00A6F871 /* CustomTextfieldStyle.swift */ = {isa = PBXFileReference; lastKnownFileType = sourcecode.swift; path = CustomTextfieldStyle.swift; sourceTree = "<group>"; };
		E25B90692C7D0D5B00A6F871 /* CustomButtonStyle.swift */ = {isa = PBXFileReference; lastKnownFileType = sourcecode.swift; path = CustomButtonStyle.swift; sourceTree = "<group>"; };
		E27298262C8B2A4E00B41FF8 /* AppFonts.swift */ = {isa = PBXFileReference; lastKnownFileType = sourcecode.swift; path = AppFonts.swift; sourceTree = "<group>"; };
		E27298282C8B2A6100B41FF8 /* CustomFonts.swift */ = {isa = PBXFileReference; lastKnownFileType = sourcecode.swift; path = CustomFonts.swift; sourceTree = "<group>"; };
		E272982A2C8B2A9800B41FF8 /* Fonts+Extension.swift */ = {isa = PBXFileReference; lastKnownFileType = sourcecode.swift; path = "Fonts+Extension.swift"; sourceTree = "<group>"; };
		E272982C2C8B2B1E00B41FF8 /* GlacialIndifference-Bold.otf */ = {isa = PBXFileReference; lastKnownFileType = file; path = "GlacialIndifference-Bold.otf"; sourceTree = "<group>"; };
		E272982D2C8B2B1E00B41FF8 /* GlacialIndifference-Italic.otf */ = {isa = PBXFileReference; lastKnownFileType = file; path = "GlacialIndifference-Italic.otf"; sourceTree = "<group>"; };
		E27298342C8B2B4800B41FF8 /* GlacialIndifference-Regular.otf */ = {isa = PBXFileReference; lastKnownFileType = file; path = "GlacialIndifference-Regular.otf"; sourceTree = "<group>"; };
		E291413C2C7339DF00D054A1 /* RegistrationView.swift */ = {isa = PBXFileReference; lastKnownFileType = sourcecode.swift; path = RegistrationView.swift; sourceTree = "<group>"; };
		E291413F2C7339EF00D054A1 /* RegistrationViewModel.swift */ = {isa = PBXFileReference; lastKnownFileType = sourcecode.swift; path = RegistrationViewModel.swift; sourceTree = "<group>"; };
		E29141442C736C0D00D054A1 /* SetupMobilePinView.swift */ = {isa = PBXFileReference; lastKnownFileType = sourcecode.swift; path = SetupMobilePinView.swift; sourceTree = "<group>"; };
		E29141482C736C2600D054A1 /* SetupMobilePinViewModel.swift */ = {isa = PBXFileReference; lastKnownFileType = sourcecode.swift; path = SetupMobilePinViewModel.swift; sourceTree = "<group>"; };
		E291414A2C736D7700D054A1 /* TimeManager.swift */ = {isa = PBXFileReference; lastKnownFileType = sourcecode.swift; path = TimeManager.swift; sourceTree = "<group>"; };
		E291414C2C736DB100D054A1 /* OTPInputView.swift */ = {isa = PBXFileReference; lastKnownFileType = sourcecode.swift; path = OTPInputView.swift; sourceTree = "<group>"; };
		E2A0F2FC2C8C410F00821357 /* PhoneNumberVerificationView.swift */ = {isa = PBXFileReference; lastKnownFileType = sourcecode.swift; path = PhoneNumberVerificationView.swift; sourceTree = "<group>"; };
		E2BD5DDE2C76239B006FB4B7 /* Environment.swift */ = {isa = PBXFileReference; lastKnownFileType = sourcecode.swift; name = Environment.swift; path = AppO/Utils/Environment.swift; sourceTree = SOURCE_ROOT; };
		E2C3D4692C6F80380017E47C /* VerifyOTPView.swift */ = {isa = PBXFileReference; lastKnownFileType = sourcecode.swift; path = VerifyOTPView.swift; sourceTree = "<group>"; };
		E2C9CB082C785C7300B47B38 /* EnterMPinInteractor.swift */ = {isa = PBXFileReference; lastKnownFileType = sourcecode.swift; path = EnterMPinInteractor.swift; sourceTree = "<group>"; };
		E2C9CB0A2C785C8400B47B38 /* PhoneNumberVerificationInteractor.swift */ = {isa = PBXFileReference; lastKnownFileType = sourcecode.swift; path = PhoneNumberVerificationInteractor.swift; sourceTree = "<group>"; };
		E2C9CB0C2C785C8F00B47B38 /* VerifyOTPInteractor.swift */ = {isa = PBXFileReference; lastKnownFileType = sourcecode.swift; path = VerifyOTPInteractor.swift; sourceTree = "<group>"; };
		E2C9CB0E2C785C9A00B47B38 /* RegistrationInteractor.swift */ = {isa = PBXFileReference; lastKnownFileType = sourcecode.swift; path = RegistrationInteractor.swift; sourceTree = "<group>"; };
		E2C9CB102C785CAF00B47B38 /* SetupMobilePinInteractor.swift */ = {isa = PBXFileReference; lastKnownFileType = sourcecode.swift; path = SetupMobilePinInteractor.swift; sourceTree = "<group>"; };
		E2C9CB122C78603B00B47B38 /* RegistrationModel.swift */ = {isa = PBXFileReference; lastKnownFileType = sourcecode.swift; path = RegistrationModel.swift; sourceTree = "<group>"; };
		E2C9CB162C7860E100B47B38 /* RegistrationResponse.swift */ = {isa = PBXFileReference; lastKnownFileType = sourcecode.swift; path = RegistrationResponse.swift; sourceTree = "<group>"; };
		E2C9CB182C78616B00B47B38 /* RegistrationAPIs.swift */ = {isa = PBXFileReference; lastKnownFileType = sourcecode.swift; path = RegistrationAPIs.swift; sourceTree = "<group>"; };
		E2C9CB1A2C7863A200B47B38 /* Codable+Extension.swift */ = {isa = PBXFileReference; fileEncoding = 4; lastKnownFileType = sourcecode.swift; path = "Codable+Extension.swift"; sourceTree = "<group>"; };
		E2C9CB1C2C7863ED00B47B38 /* Scheduler.swift */ = {isa = PBXFileReference; fileEncoding = 4; lastKnownFileType = sourcecode.swift; path = Scheduler.swift; sourceTree = "<group>"; };
		E2D140232C6E49D70064EE6E /* AppLogoView.swift */ = {isa = PBXFileReference; lastKnownFileType = sourcecode.swift; path = AppLogoView.swift; sourceTree = "<group>"; };
		E2D140292C6E4A390064EE6E /* EnterMPINView.swift */ = {isa = PBXFileReference; lastKnownFileType = sourcecode.swift; path = EnterMPINView.swift; sourceTree = "<group>"; };
		E2D140302C6F5BCB0064EE6E /* PhoneNumberModel.swift */ = {isa = PBXFileReference; lastKnownFileType = sourcecode.swift; path = PhoneNumberModel.swift; sourceTree = "<group>"; };
		E2D140322C6F5C060064EE6E /* CountryNumbers.json */ = {isa = PBXFileReference; lastKnownFileType = text.json; path = CountryNumbers.json; sourceTree = "<group>"; };
		E2D140342C6F5C2D0064EE6E /* Decoder+Extension.swift */ = {isa = PBXFileReference; lastKnownFileType = sourcecode.swift; path = "Decoder+Extension.swift"; sourceTree = "<group>"; };
		E2D140362C6F5D1F0064EE6E /* View+Extension.swift */ = {isa = PBXFileReference; lastKnownFileType = sourcecode.swift; path = "View+Extension.swift"; sourceTree = "<group>"; };
		E2EAB8602C786C6400EACFD7 /* Info.plist */ = {isa = PBXFileReference; lastKnownFileType = text.plist; path = Info.plist; sourceTree = "<group>"; };
		E2F27AE32C8EBF5700251BCE /* CurvedShape.swift */ = {isa = PBXFileReference; lastKnownFileType = sourcecode.swift; path = CurvedShape.swift; sourceTree = "<group>"; };
		E2F27AE52C8F079D00251BCE /* HomeScreenNavigationBar.swift */ = {isa = PBXFileReference; lastKnownFileType = sourcecode.swift; path = HomeScreenNavigationBar.swift; sourceTree = "<group>"; };
/* End PBXFileReference section */

/* Begin PBXFrameworksBuildPhase section */
		E25B4B222C6DF4E5000745F9 /* Frameworks */ = {
			isa = PBXFrameworksBuildPhase;
			buildActionMask = 2147483647;
			files = (
				E24B91782C7718F1009091B2 /* Moya in Frameworks */,
				E24B91762C7718F1009091B2 /* CombineMoya in Frameworks */,
				E24B917C2C7718F1009091B2 /* RxMoya in Frameworks */,
				E24B917A2C7718F1009091B2 /* ReactiveMoya in Frameworks */,
			);
			runOnlyForDeploymentPostprocessing = 0;
		};
/* End PBXFrameworksBuildPhase section */

/* Begin PBXGroup section */
		E22658752C7C6ED800DF8506 /* Dashboard */ = {
			isa = PBXGroup;
			children = (
				E226587D2C7C9AA200DF8506 /* SideMenu */,
				E22658762C7C6F2700DF8506 /* HomeScreen */,
			);
			path = Dashboard;
			sourceTree = "<group>";
		};
		E22658762C7C6F2700DF8506 /* HomeScreen */ = {
			isa = PBXGroup;
			children = (
				E22658772C7C703500DF8506 /* HomeScreenView.swift */,
				E22658792C7C704000DF8506 /* HomeScreenViewModel.swift */,
			);
			path = HomeScreen;
			sourceTree = "<group>";
		};
		E226587D2C7C9AA200DF8506 /* SideMenu */ = {
			isa = PBXGroup;
			children = (
				E25B90402C7CE9E100A6F871 /* Settings */,
				E25B903B2C7CE15100A6F871 /* Card to Card */,
				E22658902C7CB5A600DF8506 /* MyQRCode */,
				E22658822C7CAA1400DF8506 /* Manage Account */,
				E226587E2C7C9AB900DF8506 /* SideMenu.swift */,
				E22658802C7C9B8B00DF8506 /* SideMenuView.swift */,
				E25B90372C7CCC8A00A6F871 /* MainTabbedView.swift */,
			);
			path = SideMenu;
			sourceTree = "<group>";
		};
		E22658822C7CAA1400DF8506 /* Manage Account */ = {
			isa = PBXGroup;
			children = (
				E22658892C7CAC7B00DF8506 /* Card Transactions */,
				E22658832C7CAA2700DF8506 /* ManageAccountView.swift */,
				E22658852C7CAA3600DF8506 /* ManageAccountViewModel.swift */,
			);
			path = "Manage Account";
			sourceTree = "<group>";
		};
		E22658892C7CAC7B00DF8506 /* Card Transactions */ = {
			isa = PBXGroup;
			children = (
				E226588A2C7CACAB00DF8506 /* CardTransactionDetailsView.swift */,
				E226588C2C7CACB900DF8506 /* CardTransactionDetailsViewModel.swift */,
			);
			path = "Card Transactions";
			sourceTree = "<group>";
		};
		E22658902C7CB5A600DF8506 /* MyQRCode */ = {
			isa = PBXGroup;
			children = (
				E22658912C7CB5CE00DF8506 /* MyQRCodeViewModel.swift */,
				E22658932C7CB5DF00DF8506 /* MyQRCodeView.swift */,
			);
			path = MyQRCode;
			sourceTree = "<group>";
		};
		E24B91712C77081D009091B2 /* Module */ = {
			isa = PBXGroup;
			children = (
				E22658752C7C6ED800DF8506 /* Dashboard */,
				E25B4B3B2C6DFABC000745F9 /* Startup */,
			);
			path = Module;
			sourceTree = "<group>";
		};
		E24B91722C77082D009091B2 /* Components */ = {
			isa = PBXGroup;
			children = (
				E24B91732C770844009091B2 /* Common Views */,
				E25B90412C7CEAAD00A6F871 /* CardStyle.swift */,
				E25B90672C7D0CBB00A6F871 /* CustomTextfieldStyle.swift */,
				E25B90692C7D0D5B00A6F871 /* CustomButtonStyle.swift */,
			);
			path = Components;
			sourceTree = "<group>";
		};
		E24B91732C770844009091B2 /* Common Views */ = {
			isa = PBXGroup;
			children = (
				E2D140232C6E49D70064EE6E /* AppLogoView.swift */,
				E25B4B412C6E171E000745F9 /* BottomNavigation.swift */,
				E25B4B4B2C6E254D000745F9 /* NavigationBarView.swift */,
				E291414C2C736DB100D054A1 /* OTPInputView.swift */,
				E22658872C7CABD200DF8506 /* CardButtonView.swift */,
				E25B904C2C7CF3CB00A6F871 /* RadioButtonView.swift */,
				E2F27AE32C8EBF5700251BCE /* CurvedShape.swift */,
				E2F27AE52C8F079D00251BCE /* HomeScreenNavigationBar.swift */,
			);
			path = "Common Views";
			sourceTree = "<group>";
		};
		E24B918B2C771944009091B2 /* Interactor */ = {
			isa = PBXGroup;
			children = (
				E2C9CB082C785C7300B47B38 /* EnterMPinInteractor.swift */,
				E2C9CB0A2C785C8400B47B38 /* PhoneNumberVerificationInteractor.swift */,
				E2C9CB0C2C785C8F00B47B38 /* VerifyOTPInteractor.swift */,
				E2C9CB0E2C785C9A00B47B38 /* RegistrationInteractor.swift */,
				E2C9CB102C785CAF00B47B38 /* SetupMobilePinInteractor.swift */,
			);
			path = Interactor;
			sourceTree = "<group>";
		};
		E24B918C2C771958009091B2 /* APIs */ = {
			isa = PBXGroup;
			children = (
				E2C9CB182C78616B00B47B38 /* RegistrationAPIs.swift */,
			);
			path = APIs;
			sourceTree = "<group>";
		};
		E24B91922C771ACD009091B2 /* App Environment */ = {
			isa = PBXGroup;
			children = (
				E24B91932C771AE2009091B2 /* AppEnvironment.swift */,
				E24B91942C771AE2009091B2 /* PlistKey.swift */,
			);
			path = "App Environment";
			sourceTree = "<group>";
		};
		E25B4B1C2C6DF4E5000745F9 = {
			isa = PBXGroup;
			children = (
				E25B4B272C6DF4E5000745F9 /* AppO */,
				E25B4B262C6DF4E5000745F9 /* Products */,
			);
			sourceTree = "<group>";
		};
		E25B4B262C6DF4E5000745F9 /* Products */ = {
			isa = PBXGroup;
			children = (
				E25B4B252C6DF4E5000745F9 /* AppO.app */,
			);
			name = Products;
			sourceTree = "<group>";
		};
		E25B4B272C6DF4E5000745F9 /* AppO */ = {
			isa = PBXGroup;
			children = (
				E2EAB8602C786C6400EACFD7 /* Info.plist */,
				E24B91722C77082D009091B2 /* Components */,
				E24B91712C77081D009091B2 /* Module */,
				E2BD5DE02C762412006FB4B7 /* Utils */,
				E25B4B392C6DFA61000745F9 /* Extensions */,
				E25B4B382C6DFA5B000745F9 /* Model */,
				E25B4B372C6DFA51000745F9 /* Services */,
				E25B4B282C6DF4E5000745F9 /* AppOApp.swift */,
				E25B4B2C2C6DF4E7000745F9 /* Assets.xcassets */,
				E25B4B2E2C6DF4E7000745F9 /* Preview Content */,
				E2D140322C6F5C060064EE6E /* CountryNumbers.json */,
			);
			path = AppO;
			sourceTree = "<group>";
		};
		E25B4B2E2C6DF4E7000745F9 /* Preview Content */ = {
			isa = PBXGroup;
			children = (
				E25B4B2F2C6DF4E7000745F9 /* Preview Assets.xcassets */,
			);
			path = "Preview Content";
			sourceTree = "<group>";
		};
		E25B4B372C6DFA51000745F9 /* Services */ = {
			isa = PBXGroup;
			children = (
				E2C9CB1C2C7863ED00B47B38 /* Scheduler.swift */,
				E24B91922C771ACD009091B2 /* App Environment */,
				E24B918C2C771958009091B2 /* APIs */,
				E24B918B2C771944009091B2 /* Interactor */,
				E24B91822C771929009091B2 /* APIBaseResponse.swift */,
				E24B917D2C771929009091B2 /* APIHeader.swift */,
				E24B91802C771929009091B2 /* NetworkError.swift */,
				E24B91832C771929009091B2 /* NetworkManager.swift */,
				E24B917F2C771929009091B2 /* NetworkManagerProviders.swift */,
				E291414A2C736D7700D054A1 /* TimeManager.swift */,
			);
			path = Services;
			sourceTree = "<group>";
		};
		E25B4B382C6DFA5B000745F9 /* Model */ = {
			isa = PBXGroup;
			children = (
				E2C9CB152C7860D700B47B38 /* Response */,
				E2C9CB142C7860D200B47B38 /* Request */,
				E25B4B432C6E17E9000745F9 /* NavigationItems.swift */,
				E2D140302C6F5BCB0064EE6E /* PhoneNumberModel.swift */,
				E226588E2C7CADB600DF8506 /* TransactionDetailsItems.swift */,
				E25B90392C7CD16200A6F871 /* SideMenuTopNavigator.swift */,
			);
			path = Model;
			sourceTree = "<group>";
		};
		E25B4B392C6DFA61000745F9 /* Extensions */ = {
			isa = PBXGroup;
			children = (
				E2D140342C6F5C2D0064EE6E /* Decoder+Extension.swift */,
				E2D140362C6F5D1F0064EE6E /* View+Extension.swift */,
				E2C9CB1A2C7863A200B47B38 /* Codable+Extension.swift */,
				E272982A2C8B2A9800B41FF8 /* Fonts+Extension.swift */,
			);
			path = Extensions;
			sourceTree = "<group>";
		};
		E25B4B3B2C6DFABC000745F9 /* Startup */ = {
			isa = PBXGroup;
			children = (
				E29141412C736BF500D054A1 /* Setup Mobile Pin */,
				E29141392C7339C600D054A1 /* Registration */,
				E2C3D4662C6F80220017E47C /* VerifyOTP */,
				E2D1402B2C6F1CF60064EE6E /* Phone Number  Verification */,
				E2D140252C6E4A140064EE6E /* Enter MPIN */,
				E25B4B452C6E1DDC000745F9 /* TermsAndConditions */,
				E25B4B3C2C6DFACA000745F9 /* InitialScreen */,
			);
			path = Startup;
			sourceTree = "<group>";
		};
		E25B4B3C2C6DFACA000745F9 /* InitialScreen */ = {
			isa = PBXGroup;
			children = (
				E20FA2692C6F915800B7CBC6 /* InitialScreenViewModel.swift */,
				E25B4B3F2C6DFAFB000745F9 /* InitialView.swift */,
			);
			path = InitialScreen;
			sourceTree = "<group>";
		};
		E25B4B452C6E1DDC000745F9 /* TermsAndConditions */ = {
			isa = PBXGroup;
			children = (
				E239640C2C78C5F900AD4E6F /* TermsAndConditionViewModel.swift */,
				E25B4B482C6E1E0D000745F9 /* TermAndConditionView.swift */,
			);
			path = TermsAndConditions;
			sourceTree = "<group>";
		};
		E25B903B2C7CE15100A6F871 /* Card to Card */ = {
			isa = PBXGroup;
			children = (
				E25B903C2C7CE16000A6F871 /* CardToCardViewModel.swift */,
				E25B903E2C7CE17500A6F871 /* CardToCardView.swift */,
			);
			path = "Card to Card";
			sourceTree = "<group>";
		};
		E25B90402C7CE9E100A6F871 /* Settings */ = {
			isa = PBXGroup;
			children = (
				E25B90622C7D0A3300A6F871 /* Add on Card */,
				E25B905D2C7D062A00A6F871 /* Transaction Settings */,
				E25B90582C7D05BB00A6F871 /* Renew Card */,
				E25B90532C7D04EA00A6F871 /* Replace Card */,
				E25B904E2C7D004F00A6F871 /* Change Transaction Pin */,
				E25B90472C7CF25000A6F871 /* Card Status */,
				E25B90432C7CEC7900A6F871 /* SettingsView.swift */,
				E25B90452C7CEC8200A6F871 /* SettingsViewModel.swift */,
			);
			path = Settings;
			sourceTree = "<group>";
		};
		E25B90472C7CF25000A6F871 /* Card Status */ = {
			isa = PBXGroup;
			children = (
				E25B90482C7CF25E00A6F871 /* CardStatusViewModel.swift */,
				E25B904A2C7CF26F00A6F871 /* CardStatusView.swift */,
			);
			path = "Card Status";
			sourceTree = "<group>";
		};
		E25B904E2C7D004F00A6F871 /* Change Transaction Pin */ = {
			isa = PBXGroup;
			children = (
				E25B904F2C7D006000A6F871 /* ChangeTransactionPinView.swift */,
				E25B90512C7D006900A6F871 /* ChangeTransactionPinViewModel.swift */,
			);
			path = "Change Transaction Pin";
			sourceTree = "<group>";
		};
		E25B90532C7D04EA00A6F871 /* Replace Card */ = {
			isa = PBXGroup;
			children = (
				E25B90542C7D04F700A6F871 /* ReplaceCardView.swift */,
				E25B90562C7D04FF00A6F871 /* ReplaceCardViewModel.swift */,
			);
			path = "Replace Card";
			sourceTree = "<group>";
		};
		E25B90582C7D05BB00A6F871 /* Renew Card */ = {
			isa = PBXGroup;
			children = (
				E25B90592C7D05C900A6F871 /* RenewCardViewModel.swift */,
				E25B905B2C7D05D800A6F871 /* RenewCardView.swift */,
			);
			path = "Renew Card";
			sourceTree = "<group>";
		};
		E25B905D2C7D062A00A6F871 /* Transaction Settings */ = {
			isa = PBXGroup;
			children = (
				E25B905E2C7D063E00A6F871 /* TransactionSettingsView.swift */,
				E25B90602C7D064800A6F871 /* TransactionSettingsViewModel.swift */,
			);
			path = "Transaction Settings";
			sourceTree = "<group>";
		};
		E25B90622C7D0A3300A6F871 /* Add on Card */ = {
			isa = PBXGroup;
			children = (
				E25B90632C7D0A4400A6F871 /* AddOnCardViewModel.swift */,
				E25B90652C7D0A5300A6F871 /* AddOnCardView.swift */,
			);
			path = "Add on Card";
			sourceTree = "<group>";
		};
		E27298252C8B2A3B00B41FF8 /* Fonts */ = {
			isa = PBXGroup;
			children = (
				E272982C2C8B2B1E00B41FF8 /* GlacialIndifference-Bold.otf */,
				E27298342C8B2B4800B41FF8 /* GlacialIndifference-Regular.otf */,
				E272982D2C8B2B1E00B41FF8 /* GlacialIndifference-Italic.otf */,
				E27298262C8B2A4E00B41FF8 /* AppFonts.swift */,
				E27298282C8B2A6100B41FF8 /* CustomFonts.swift */,
			);
			path = Fonts;
			sourceTree = "<group>";
		};
		E29141392C7339C600D054A1 /* Registration */ = {
			isa = PBXGroup;
			children = (
				E291413C2C7339DF00D054A1 /* RegistrationView.swift */,
				E291413F2C7339EF00D054A1 /* RegistrationViewModel.swift */,
			);
			path = Registration;
			sourceTree = "<group>";
		};
		E29141412C736BF500D054A1 /* Setup Mobile Pin */ = {
			isa = PBXGroup;
			children = (
				E29141482C736C2600D054A1 /* SetupMobilePinViewModel.swift */,
				E29141442C736C0D00D054A1 /* SetupMobilePinView.swift */,
			);
			path = "Setup Mobile Pin";
			sourceTree = "<group>";
		};
		E2BD5DE02C762412006FB4B7 /* Utils */ = {
			isa = PBXGroup;
			children = (
				E27298252C8B2A3B00B41FF8 /* Fonts */,
				E2BD5DDE2C76239B006FB4B7 /* Environment.swift */,
				E239640A2C78C57D00AD4E6F /* Navigator.swift */,
				E23964122C78CF8A00AD4E6F /* Coordinator.swift */,
				E226587B2C7C716B00DF8506 /* HomeNavigator.swift */,
			);
			path = Utils;
			sourceTree = "<group>";
		};
		E2C3D4662C6F80220017E47C /* VerifyOTP */ = {
			isa = PBXGroup;
			children = (
				E20FA2632C6F911F00B7CBC6 /* VerifyOTPViewModel.swift */,
				E2C3D4692C6F80380017E47C /* VerifyOTPView.swift */,
			);
			path = VerifyOTP;
			sourceTree = "<group>";
		};
		E2C9CB142C7860D200B47B38 /* Request */ = {
			isa = PBXGroup;
			children = (
				E2C9CB122C78603B00B47B38 /* RegistrationModel.swift */,
			);
			path = Request;
			sourceTree = "<group>";
		};
		E2C9CB152C7860D700B47B38 /* Response */ = {
			isa = PBXGroup;
			children = (
				E2C9CB162C7860E100B47B38 /* RegistrationResponse.swift */,
			);
			path = Response;
			sourceTree = "<group>";
		};
		E2D140252C6E4A140064EE6E /* Enter MPIN */ = {
			isa = PBXGroup;
			children = (
				E20FA2672C6F913E00B7CBC6 /* EnterMPINViewModel.swift */,
				E2D140292C6E4A390064EE6E /* EnterMPINView.swift */,
			);
			path = "Enter MPIN";
			sourceTree = "<group>";
		};
		E2D1402B2C6F1CF60064EE6E /* Phone Number  Verification */ = {
			isa = PBXGroup;
			children = (
				E20FA2652C6F913300B7CBC6 /* PhoneNumberVerificationViewModel.swift */,
				E2A0F2FC2C8C410F00821357 /* PhoneNumberVerificationView.swift */,
			);
			path = "Phone Number  Verification";
			sourceTree = "<group>";
		};
/* End PBXGroup section */

/* Begin PBXNativeTarget section */
		E25B4B242C6DF4E5000745F9 /* AppO */ = {
			isa = PBXNativeTarget;
			buildConfigurationList = E25B4B332C6DF4E7000745F9 /* Build configuration list for PBXNativeTarget "AppO" */;
			buildPhases = (
				E25B4B212C6DF4E5000745F9 /* Sources */,
				E25B4B222C6DF4E5000745F9 /* Frameworks */,
				E25B4B232C6DF4E5000745F9 /* Resources */,
			);
			buildRules = (
			);
			dependencies = (
			);
			name = AppO;
			packageProductDependencies = (
				E24B91752C7718F1009091B2 /* CombineMoya */,
				E24B91772C7718F1009091B2 /* Moya */,
				E24B91792C7718F1009091B2 /* ReactiveMoya */,
				E24B917B2C7718F1009091B2 /* RxMoya */,
			);
			productName = AppO;
			productReference = E25B4B252C6DF4E5000745F9 /* AppO.app */;
			productType = "com.apple.product-type.application";
		};
/* End PBXNativeTarget section */

/* Begin PBXProject section */
		E25B4B1D2C6DF4E5000745F9 /* Project object */ = {
			isa = PBXProject;
			attributes = {
				BuildIndependentTargetsInParallel = 1;
				LastSwiftUpdateCheck = 1520;
				LastUpgradeCheck = 1520;
				TargetAttributes = {
					E25B4B242C6DF4E5000745F9 = {
						CreatedOnToolsVersion = 15.2;
					};
				};
			};
			buildConfigurationList = E25B4B202C6DF4E5000745F9 /* Build configuration list for PBXProject "AppO" */;
			compatibilityVersion = "Xcode 14.0";
			developmentRegion = en;
			hasScannedForEncodings = 0;
			knownRegions = (
				en,
				Base,
			);
			mainGroup = E25B4B1C2C6DF4E5000745F9;
			packageReferences = (
				E24B91742C7718F1009091B2 /* XCRemoteSwiftPackageReference "Moya" */,
			);
			productRefGroup = E25B4B262C6DF4E5000745F9 /* Products */;
			projectDirPath = "";
			projectRoot = "";
			targets = (
				E25B4B242C6DF4E5000745F9 /* AppO */,
			);
		};
/* End PBXProject section */

/* Begin PBXResourcesBuildPhase section */
		E25B4B232C6DF4E5000745F9 /* Resources */ = {
			isa = PBXResourcesBuildPhase;
			buildActionMask = 2147483647;
			files = (
				E272982F2C8B2B1E00B41FF8 /* GlacialIndifference-Bold.otf in Resources */,
				E2D140332C6F5C060064EE6E /* CountryNumbers.json in Resources */,
				E27298302C8B2B1E00B41FF8 /* GlacialIndifference-Italic.otf in Resources */,
				E25B4B302C6DF4E7000745F9 /* Preview Assets.xcassets in Resources */,
				E27298352C8B2B4800B41FF8 /* GlacialIndifference-Regular.otf in Resources */,
				E25B4B2D2C6DF4E7000745F9 /* Assets.xcassets in Resources */,
			);
			runOnlyForDeploymentPostprocessing = 0;
		};
/* End PBXResourcesBuildPhase section */

/* Begin PBXSourcesBuildPhase section */
		E25B4B212C6DF4E5000745F9 /* Sources */ = {
			isa = PBXSourcesBuildPhase;
			buildActionMask = 2147483647;
			files = (
				E24B91862C771929009091B2 /* NetworkManagerProviders.swift in Sources */,
				E22658812C7C9B8B00DF8506 /* SideMenuView.swift in Sources */,
				E2F27AE42C8EBF5700251BCE /* CurvedShape.swift in Sources */,
				E25B90662C7D0A5300A6F871 /* AddOnCardView.swift in Sources */,
				E25B906A2C7D0D5B00A6F871 /* CustomButtonStyle.swift in Sources */,
				E2C9CB092C785C7300B47B38 /* EnterMPinInteractor.swift in Sources */,
				E25B90382C7CCC8A00A6F871 /* MainTabbedView.swift in Sources */,
				E24B91872C771929009091B2 /* NetworkError.swift in Sources */,
				E2A0F2FD2C8C410F00821357 /* PhoneNumberVerificationView.swift in Sources */,
				E226587F2C7C9AB900DF8506 /* SideMenu.swift in Sources */,
				E2D140352C6F5C2D0064EE6E /* Decoder+Extension.swift in Sources */,
				E25B90682C7D0CBB00A6F871 /* CustomTextfieldStyle.swift in Sources */,
				E25B903A2C7CD16200A6F871 /* SideMenuTopNavigator.swift in Sources */,
				E2C9CB132C78603B00B47B38 /* RegistrationModel.swift in Sources */,
				E2BD5DDF2C76239B006FB4B7 /* Environment.swift in Sources */,
				E20FA2682C6F913E00B7CBC6 /* EnterMPINViewModel.swift in Sources */,
				E24B91952C771AE2009091B2 /* AppEnvironment.swift in Sources */,
				E239640D2C78C5F900AD4E6F /* TermsAndConditionViewModel.swift in Sources */,
				E2F27AE62C8F079D00251BCE /* HomeScreenNavigationBar.swift in Sources */,
				E2D140242C6E49D70064EE6E /* AppLogoView.swift in Sources */,
				E226588B2C7CACAB00DF8506 /* CardTransactionDetailsView.swift in Sources */,
				E25B90462C7CEC8200A6F871 /* SettingsViewModel.swift in Sources */,
				E2C9CB112C785CAF00B47B38 /* SetupMobilePinInteractor.swift in Sources */,
				E29141402C7339EF00D054A1 /* RegistrationViewModel.swift in Sources */,
				E22658782C7C703500DF8506 /* HomeScreenView.swift in Sources */,
				E22658942C7CB5DF00DF8506 /* MyQRCodeView.swift in Sources */,
				E2C9CB0B2C785C8400B47B38 /* PhoneNumberVerificationInteractor.swift in Sources */,
				E24B91842C771929009091B2 /* APIHeader.swift in Sources */,
				E25B90442C7CEC7900A6F871 /* SettingsView.swift in Sources */,
				E25B90502C7D006000A6F871 /* ChangeTransactionPinView.swift in Sources */,
				E25B90522C7D006900A6F871 /* ChangeTransactionPinViewModel.swift in Sources */,
				E25B90422C7CEAAD00A6F871 /* CardStyle.swift in Sources */,
				E25B905A2C7D05C900A6F871 /* RenewCardViewModel.swift in Sources */,
				E27298292C8B2A6100B41FF8 /* CustomFonts.swift in Sources */,
				E25B904D2C7CF3CB00A6F871 /* RadioButtonView.swift in Sources */,
				E22658922C7CB5CE00DF8506 /* MyQRCodeViewModel.swift in Sources */,
				E2C9CB172C7860E100B47B38 /* RegistrationResponse.swift in Sources */,
				E25B903F2C7CE17500A6F871 /* CardToCardView.swift in Sources */,
				E2C9CB0F2C785C9A00B47B38 /* RegistrationInteractor.swift in Sources */,
				E291413D2C7339DF00D054A1 /* RegistrationView.swift in Sources */,
				E27298272C8B2A4E00B41FF8 /* AppFonts.swift in Sources */,
				E25B4B492C6E1E0D000745F9 /* TermAndConditionView.swift in Sources */,
				E24B91962C771AE2009091B2 /* PlistKey.swift in Sources */,
				E25B905C2C7D05D800A6F871 /* RenewCardView.swift in Sources */,
				E29141452C736C0D00D054A1 /* SetupMobilePinView.swift in Sources */,
				E25B90572C7D04FF00A6F871 /* ReplaceCardViewModel.swift in Sources */,
				E25B4B402C6DFAFB000745F9 /* InitialView.swift in Sources */,
				E2D140312C6F5BCB0064EE6E /* PhoneNumberModel.swift in Sources */,
				E25B905F2C7D063E00A6F871 /* TransactionSettingsView.swift in Sources */,
				E2C9CB192C78616B00B47B38 /* RegistrationAPIs.swift in Sources */,
				E2D1402A2C6E4A390064EE6E /* EnterMPINView.swift in Sources */,
				E272982B2C8B2A9800B41FF8 /* Fonts+Extension.swift in Sources */,
				E25B90612C7D064800A6F871 /* TransactionSettingsViewModel.swift in Sources */,
				E20FA2662C6F913300B7CBC6 /* PhoneNumberVerificationViewModel.swift in Sources */,
				E24B918A2C771929009091B2 /* NetworkManager.swift in Sources */,
				E25B90642C7D0A4400A6F871 /* AddOnCardViewModel.swift in Sources */,
				E226588F2C7CADB600DF8506 /* TransactionDetailsItems.swift in Sources */,
				E2C9CB0D2C785C8F00B47B38 /* VerifyOTPInteractor.swift in Sources */,
				E25B4B4C2C6E254D000745F9 /* NavigationBarView.swift in Sources */,
				E25B904B2C7CF26F00A6F871 /* CardStatusView.swift in Sources */,
				E2C9CB1B2C7863A200B47B38 /* Codable+Extension.swift in Sources */,
				E20FA26A2C6F915800B7CBC6 /* InitialScreenViewModel.swift in Sources */,
				E25B4B292C6DF4E5000745F9 /* AppOApp.swift in Sources */,
				E22658842C7CAA2700DF8506 /* ManageAccountView.swift in Sources */,
				E25B4B442C6E17E9000745F9 /* NavigationItems.swift in Sources */,
				E291414B2C736D7700D054A1 /* TimeManager.swift in Sources */,
				E2C3D46A2C6F80380017E47C /* VerifyOTPView.swift in Sources */,
				E2D140372C6F5D1F0064EE6E /* View+Extension.swift in Sources */,
				E226587C2C7C716B00DF8506 /* HomeNavigator.swift in Sources */,
				E25B90552C7D04F700A6F871 /* ReplaceCardView.swift in Sources */,
				E25B90492C7CF25E00A6F871 /* CardStatusViewModel.swift in Sources */,
				E239640B2C78C57D00AD4E6F /* Navigator.swift in Sources */,
				E291414D2C736DB100D054A1 /* OTPInputView.swift in Sources */,
				E22658862C7CAA3600DF8506 /* ManageAccountViewModel.swift in Sources */,
				E23964132C78CF8A00AD4E6F /* Coordinator.swift in Sources */,
				E25B903D2C7CE16000A6F871 /* CardToCardViewModel.swift in Sources */,
				E226588D2C7CACB900DF8506 /* CardTransactionDetailsViewModel.swift in Sources */,
				E25B4B422C6E171E000745F9 /* BottomNavigation.swift in Sources */,
				E29141492C736C2700D054A1 /* SetupMobilePinViewModel.swift in Sources */,
				E2C9CB1D2C7863ED00B47B38 /* Scheduler.swift in Sources */,
				E22658882C7CABD200DF8506 /* CardButtonView.swift in Sources */,
				E226587A2C7C704000DF8506 /* HomeScreenViewModel.swift in Sources */,
				E24B91892C771929009091B2 /* APIBaseResponse.swift in Sources */,
				E20FA2642C6F911F00B7CBC6 /* VerifyOTPViewModel.swift in Sources */,
			);
			runOnlyForDeploymentPostprocessing = 0;
		};
/* End PBXSourcesBuildPhase section */

/* Begin XCBuildConfiguration section */
		E25B4B312C6DF4E7000745F9 /* Debug */ = {
			isa = XCBuildConfiguration;
			buildSettings = {
				ALWAYS_SEARCH_USER_PATHS = NO;
				ASSETCATALOG_COMPILER_GENERATE_SWIFT_ASSET_SYMBOL_EXTENSIONS = YES;
				CLANG_ANALYZER_NONNULL = YES;
				CLANG_ANALYZER_NUMBER_OBJECT_CONVERSION = YES_AGGRESSIVE;
				CLANG_CXX_LANGUAGE_STANDARD = "gnu++20";
				CLANG_ENABLE_MODULES = YES;
				CLANG_ENABLE_OBJC_ARC = YES;
				CLANG_ENABLE_OBJC_WEAK = YES;
				CLANG_WARN_BLOCK_CAPTURE_AUTORELEASING = YES;
				CLANG_WARN_BOOL_CONVERSION = YES;
				CLANG_WARN_COMMA = YES;
				CLANG_WARN_CONSTANT_CONVERSION = YES;
				CLANG_WARN_DEPRECATED_OBJC_IMPLEMENTATIONS = YES;
				CLANG_WARN_DIRECT_OBJC_ISA_USAGE = YES_ERROR;
				CLANG_WARN_DOCUMENTATION_COMMENTS = YES;
				CLANG_WARN_EMPTY_BODY = YES;
				CLANG_WARN_ENUM_CONVERSION = YES;
				CLANG_WARN_INFINITE_RECURSION = YES;
				CLANG_WARN_INT_CONVERSION = YES;
				CLANG_WARN_NON_LITERAL_NULL_CONVERSION = YES;
				CLANG_WARN_OBJC_IMPLICIT_RETAIN_SELF = YES;
				CLANG_WARN_OBJC_LITERAL_CONVERSION = YES;
				CLANG_WARN_OBJC_ROOT_CLASS = YES_ERROR;
				CLANG_WARN_QUOTED_INCLUDE_IN_FRAMEWORK_HEADER = YES;
				CLANG_WARN_RANGE_LOOP_ANALYSIS = YES;
				CLANG_WARN_STRICT_PROTOTYPES = YES;
				CLANG_WARN_SUSPICIOUS_MOVE = YES;
				CLANG_WARN_UNGUARDED_AVAILABILITY = YES_AGGRESSIVE;
				CLANG_WARN_UNREACHABLE_CODE = YES;
				CLANG_WARN__DUPLICATE_METHOD_MATCH = YES;
				COPY_PHASE_STRIP = NO;
				DEBUG_INFORMATION_FORMAT = dwarf;
				ENABLE_STRICT_OBJC_MSGSEND = YES;
				ENABLE_TESTABILITY = YES;
				ENABLE_USER_SCRIPT_SANDBOXING = YES;
				GCC_C_LANGUAGE_STANDARD = gnu17;
				GCC_DYNAMIC_NO_PIC = NO;
				GCC_NO_COMMON_BLOCKS = YES;
				GCC_OPTIMIZATION_LEVEL = 0;
				GCC_PREPROCESSOR_DEFINITIONS = (
					"DEBUG=1",
					"$(inherited)",
				);
				GCC_WARN_64_TO_32_BIT_CONVERSION = YES;
				GCC_WARN_ABOUT_RETURN_TYPE = YES_ERROR;
				GCC_WARN_UNDECLARED_SELECTOR = YES;
				GCC_WARN_UNINITIALIZED_AUTOS = YES_AGGRESSIVE;
				GCC_WARN_UNUSED_FUNCTION = YES;
				GCC_WARN_UNUSED_VARIABLE = YES;
				IPHONEOS_DEPLOYMENT_TARGET = 17.2;
				LOCALIZATION_PREFERS_STRING_CATALOGS = YES;
				MTL_ENABLE_DEBUG_INFO = INCLUDE_SOURCE;
				MTL_FAST_MATH = YES;
				ONLY_ACTIVE_ARCH = YES;
				SDKROOT = iphoneos;
				SWIFT_ACTIVE_COMPILATION_CONDITIONS = "DEBUG $(inherited)";
				SWIFT_OPTIMIZATION_LEVEL = "-Onone";
			};
			name = Debug;
		};
		E25B4B322C6DF4E7000745F9 /* Release */ = {
			isa = XCBuildConfiguration;
			buildSettings = {
				ALWAYS_SEARCH_USER_PATHS = NO;
				ASSETCATALOG_COMPILER_GENERATE_SWIFT_ASSET_SYMBOL_EXTENSIONS = YES;
				CLANG_ANALYZER_NONNULL = YES;
				CLANG_ANALYZER_NUMBER_OBJECT_CONVERSION = YES_AGGRESSIVE;
				CLANG_CXX_LANGUAGE_STANDARD = "gnu++20";
				CLANG_ENABLE_MODULES = YES;
				CLANG_ENABLE_OBJC_ARC = YES;
				CLANG_ENABLE_OBJC_WEAK = YES;
				CLANG_WARN_BLOCK_CAPTURE_AUTORELEASING = YES;
				CLANG_WARN_BOOL_CONVERSION = YES;
				CLANG_WARN_COMMA = YES;
				CLANG_WARN_CONSTANT_CONVERSION = YES;
				CLANG_WARN_DEPRECATED_OBJC_IMPLEMENTATIONS = YES;
				CLANG_WARN_DIRECT_OBJC_ISA_USAGE = YES_ERROR;
				CLANG_WARN_DOCUMENTATION_COMMENTS = YES;
				CLANG_WARN_EMPTY_BODY = YES;
				CLANG_WARN_ENUM_CONVERSION = YES;
				CLANG_WARN_INFINITE_RECURSION = YES;
				CLANG_WARN_INT_CONVERSION = YES;
				CLANG_WARN_NON_LITERAL_NULL_CONVERSION = YES;
				CLANG_WARN_OBJC_IMPLICIT_RETAIN_SELF = YES;
				CLANG_WARN_OBJC_LITERAL_CONVERSION = YES;
				CLANG_WARN_OBJC_ROOT_CLASS = YES_ERROR;
				CLANG_WARN_QUOTED_INCLUDE_IN_FRAMEWORK_HEADER = YES;
				CLANG_WARN_RANGE_LOOP_ANALYSIS = YES;
				CLANG_WARN_STRICT_PROTOTYPES = YES;
				CLANG_WARN_SUSPICIOUS_MOVE = YES;
				CLANG_WARN_UNGUARDED_AVAILABILITY = YES_AGGRESSIVE;
				CLANG_WARN_UNREACHABLE_CODE = YES;
				CLANG_WARN__DUPLICATE_METHOD_MATCH = YES;
				COPY_PHASE_STRIP = NO;
				DEBUG_INFORMATION_FORMAT = "dwarf-with-dsym";
				ENABLE_NS_ASSERTIONS = NO;
				ENABLE_STRICT_OBJC_MSGSEND = YES;
				ENABLE_USER_SCRIPT_SANDBOXING = YES;
				GCC_C_LANGUAGE_STANDARD = gnu17;
				GCC_NO_COMMON_BLOCKS = YES;
				GCC_WARN_64_TO_32_BIT_CONVERSION = YES;
				GCC_WARN_ABOUT_RETURN_TYPE = YES_ERROR;
				GCC_WARN_UNDECLARED_SELECTOR = YES;
				GCC_WARN_UNINITIALIZED_AUTOS = YES_AGGRESSIVE;
				GCC_WARN_UNUSED_FUNCTION = YES;
				GCC_WARN_UNUSED_VARIABLE = YES;
				IPHONEOS_DEPLOYMENT_TARGET = 17.2;
				LOCALIZATION_PREFERS_STRING_CATALOGS = YES;
				MTL_ENABLE_DEBUG_INFO = NO;
				MTL_FAST_MATH = YES;
				SDKROOT = iphoneos;
				SWIFT_COMPILATION_MODE = wholemodule;
				VALIDATE_PRODUCT = YES;
			};
			name = Release;
		};
		E25B4B342C6DF4E7000745F9 /* Debug */ = {
			isa = XCBuildConfiguration;
			buildSettings = {
				ASSETCATALOG_COMPILER_APPICON_NAME = AppIcon;
				ASSETCATALOG_COMPILER_GLOBAL_ACCENT_COLOR_NAME = AccentColor;
				CODE_SIGN_STYLE = Automatic;
				CURRENT_PROJECT_VERSION = 1;
				DEVELOPMENT_ASSET_PATHS = "\"AppO/Preview Content\"";
				DEVELOPMENT_TEAM = WY6HWY8U3Y;
				ENABLE_PREVIEWS = YES;
				GENERATE_INFOPLIST_FILE = YES;
				INFOPLIST_FILE = AppO/Info.plist;
				INFOPLIST_KEY_UIApplicationSceneManifest_Generation = YES;
				INFOPLIST_KEY_UIApplicationSupportsIndirectInputEvents = YES;
				INFOPLIST_KEY_UISupportedInterfaceOrientations = UIInterfaceOrientationPortrait;
				IPHONEOS_DEPLOYMENT_TARGET = 16.0;
				LD_RUNPATH_SEARCH_PATHS = (
					"$(inherited)",
					"@executable_path/Frameworks",
				);
				MARKETING_VERSION = 1.0;
				PRODUCT_BUNDLE_IDENTIFIER = com.appopay.wallet.AppO;
				PRODUCT_NAME = "$(TARGET_NAME)";
				PROD_API = "https://prodapi.appopay.com/api/sms/";
				SUPPORTED_PLATFORMS = "iphoneos iphonesimulator";
				SUPPORTS_MACCATALYST = NO;
				SUPPORTS_MAC_DESIGNED_FOR_IPHONE_IPAD = NO;
				SUPPORTS_XR_DESIGNED_FOR_IPHONE_IPAD = NO;
				SWIFT_EMIT_LOC_STRINGS = YES;
				SWIFT_VERSION = 5.0;
				Server_One = "http://3.13.197.45:8081/";
				System_API = "https://system.appopay.com:9004/";
				TARGETED_DEVICE_FAMILY = "1,2";
			};
			name = Debug;
		};
		E25B4B352C6DF4E7000745F9 /* Release */ = {
			isa = XCBuildConfiguration;
			buildSettings = {
				ASSETCATALOG_COMPILER_APPICON_NAME = AppIcon;
				ASSETCATALOG_COMPILER_GLOBAL_ACCENT_COLOR_NAME = AccentColor;
				CODE_SIGN_STYLE = Automatic;
				CURRENT_PROJECT_VERSION = 1;
				DEVELOPMENT_ASSET_PATHS = "\"AppO/Preview Content\"";
				DEVELOPMENT_TEAM = WY6HWY8U3Y;
				ENABLE_PREVIEWS = YES;
				GENERATE_INFOPLIST_FILE = YES;
				INFOPLIST_FILE = AppO/Info.plist;
				INFOPLIST_KEY_UIApplicationSceneManifest_Generation = YES;
				INFOPLIST_KEY_UIApplicationSupportsIndirectInputEvents = YES;
				INFOPLIST_KEY_UISupportedInterfaceOrientations = UIInterfaceOrientationPortrait;
				IPHONEOS_DEPLOYMENT_TARGET = 16.0;
				LD_RUNPATH_SEARCH_PATHS = (
					"$(inherited)",
					"@executable_path/Frameworks",
				);
				MARKETING_VERSION = 1.0;
				PRODUCT_BUNDLE_IDENTIFIER = com.appopay.wallet.AppO;
				PRODUCT_NAME = "$(TARGET_NAME)";
				PROD_API = "https://prodapi.appopay.com/api/sms/";
				SUPPORTED_PLATFORMS = "iphoneos iphonesimulator";
				SUPPORTS_MACCATALYST = NO;
				SUPPORTS_MAC_DESIGNED_FOR_IPHONE_IPAD = NO;
				SUPPORTS_XR_DESIGNED_FOR_IPHONE_IPAD = NO;
				SWIFT_EMIT_LOC_STRINGS = YES;
				SWIFT_VERSION = 5.0;
				Server_One = "http://3.13.197.45:8081/";
				System_API = "https://system.appopay.com:9004/";
				TARGETED_DEVICE_FAMILY = "1,2";
			};
			name = Release;
		};
/* End XCBuildConfiguration section */

/* Begin XCConfigurationList section */
		E25B4B202C6DF4E5000745F9 /* Build configuration list for PBXProject "AppO" */ = {
			isa = XCConfigurationList;
			buildConfigurations = (
				E25B4B312C6DF4E7000745F9 /* Debug */,
				E25B4B322C6DF4E7000745F9 /* Release */,
			);
			defaultConfigurationIsVisible = 0;
			defaultConfigurationName = Release;
		};
		E25B4B332C6DF4E7000745F9 /* Build configuration list for PBXNativeTarget "AppO" */ = {
			isa = XCConfigurationList;
			buildConfigurations = (
				E25B4B342C6DF4E7000745F9 /* Debug */,
				E25B4B352C6DF4E7000745F9 /* Release */,
			);
			defaultConfigurationIsVisible = 0;
			defaultConfigurationName = Release;
		};
/* End XCConfigurationList section */

/* Begin XCRemoteSwiftPackageReference section */
		E24B91742C7718F1009091B2 /* XCRemoteSwiftPackageReference "Moya" */ = {
			isa = XCRemoteSwiftPackageReference;
			repositoryURL = "https://github.com/Moya/Moya";
			requirement = {
				kind = upToNextMajorVersion;
				minimumVersion = 15.0.3;
			};
		};
/* End XCRemoteSwiftPackageReference section */

/* Begin XCSwiftPackageProductDependency section */
		E24B91752C7718F1009091B2 /* CombineMoya */ = {
			isa = XCSwiftPackageProductDependency;
			package = E24B91742C7718F1009091B2 /* XCRemoteSwiftPackageReference "Moya" */;
			productName = CombineMoya;
		};
		E24B91772C7718F1009091B2 /* Moya */ = {
			isa = XCSwiftPackageProductDependency;
			package = E24B91742C7718F1009091B2 /* XCRemoteSwiftPackageReference "Moya" */;
			productName = Moya;
		};
		E24B91792C7718F1009091B2 /* ReactiveMoya */ = {
			isa = XCSwiftPackageProductDependency;
			package = E24B91742C7718F1009091B2 /* XCRemoteSwiftPackageReference "Moya" */;
			productName = ReactiveMoya;
		};
		E24B917B2C7718F1009091B2 /* RxMoya */ = {
			isa = XCSwiftPackageProductDependency;
			package = E24B91742C7718F1009091B2 /* XCRemoteSwiftPackageReference "Moya" */;
			productName = RxMoya;
		};
/* End XCSwiftPackageProductDependency section */
	};
	rootObject = E25B4B1D2C6DF4E5000745F9 /* Project object */;
}
